PODS:
  - boost (1.76.0)
  - DoubleConversion (1.1.6)
  - FBLazyVector (0.68.1)
  - FBReactNativeSpec (0.68.1):
    - RCT-Folly (= 2021.06.28.00-v2)
    - RCTRequired (= 0.68.1)
    - RCTTypeSafety (= 0.68.1)
    - React-Core (= 0.68.1)
    - React-jsi (= 0.68.1)
    - ReactCommon/turbomodule/core (= 0.68.1)
  - Firebase (9.4.0):
    - Firebase/Core (= 9.4.0)
  - Firebase/Core (9.4.0):
    - Firebase/CoreOnly
    - FirebaseAnalytics (~> 9.4.0)
  - Firebase/CoreOnly (9.4.0):
    - FirebaseCore (= 9.4.0)
  - FirebaseAnalytics (9.4.0):
    - FirebaseAnalytics/AdIdSupport (= 9.4.0)
    - FirebaseCore (~> 9.0)
    - FirebaseInstallations (~> 9.0)
    - GoogleUtilities/AppDelegateSwizzler (~> 7.7)
    - GoogleUtilities/MethodSwizzler (~> 7.7)
    - GoogleUtilities/Network (~> 7.7)
    - "GoogleUtilities/NSData+zlib (~> 7.7)"
    - nanopb (< 2.30910.0, >= 2.30908.0)
  - FirebaseAnalytics/AdIdSupport (9.4.0):
    - FirebaseCore (~> 9.0)
    - FirebaseInstallations (~> 9.0)
    - GoogleAppMeasurement (= 9.4.0)
    - GoogleUtilities/AppDelegateSwizzler (~> 7.7)
    - GoogleUtilities/MethodSwizzler (~> 7.7)
    - GoogleUtilities/Network (~> 7.7)
    - "GoogleUtilities/NSData+zlib (~> 7.7)"
    - nanopb (< 2.30910.0, >= 2.30908.0)
  - FirebaseCore (9.4.0):
    - FirebaseCoreDiagnostics (~> 9.0)
    - FirebaseCoreInternal (~> 9.0)
    - GoogleUtilities/Environment (~> 7.7)
    - GoogleUtilities/Logger (~> 7.7)
  - FirebaseCoreDiagnostics (9.6.0):
    - GoogleDataTransport (< 10.0.0, >= 9.1.4)
    - GoogleUtilities/Environment (~> 7.7)
    - GoogleUtilities/Logger (~> 7.7)
    - nanopb (< 2.30910.0, >= 2.30908.0)
  - FirebaseCoreInternal (9.6.0):
    - "GoogleUtilities/NSData+zlib (~> 7.7)"
  - FirebaseInstallations (9.6.0):
    - FirebaseCore (~> 9.0)
    - GoogleUtilities/Environment (~> 7.7)
    - GoogleUtilities/UserDefaults (~> 7.7)
    - PromisesObjC (~> 2.1)
  - fmt (6.2.1)
  - glog (0.3.5)
  - GoogleAppMeasurement (9.4.0):
    - GoogleAppMeasurement/AdIdSupport (= 9.4.0)
    - GoogleUtilities/AppDelegateSwizzler (~> 7.7)
    - GoogleUtilities/MethodSwizzler (~> 7.7)
    - GoogleUtilities/Network (~> 7.7)
    - "GoogleUtilities/NSData+zlib (~> 7.7)"
    - nanopb (< 2.30910.0, >= 2.30908.0)
  - GoogleAppMeasurement/AdIdSupport (9.4.0):
    - GoogleAppMeasurement/WithoutAdIdSupport (= 9.4.0)
    - GoogleUtilities/AppDelegateSwizzler (~> 7.7)
    - GoogleUtilities/MethodSwizzler (~> 7.7)
    - GoogleUtilities/Network (~> 7.7)
    - "GoogleUtilities/NSData+zlib (~> 7.7)"
    - nanopb (< 2.30910.0, >= 2.30908.0)
  - GoogleAppMeasurement/WithoutAdIdSupport (9.4.0):
    - GoogleUtilities/AppDelegateSwizzler (~> 7.7)
    - GoogleUtilities/MethodSwizzler (~> 7.7)
    - GoogleUtilities/Network (~> 7.7)
    - "GoogleUtilities/NSData+zlib (~> 7.7)"
    - nanopb (< 2.30910.0, >= 2.30908.0)
  - GoogleDataTransport (9.2.5):
    - GoogleUtilities/Environment (~> 7.7)
    - nanopb (< 2.30910.0, >= 2.30908.0)
    - PromisesObjC (< 3.0, >= 1.2)
  - GoogleUtilities (7.12.0):
    - GoogleUtilities/AppDelegateSwizzler (= 7.12.0)
    - GoogleUtilities/Environment (= 7.12.0)
    - GoogleUtilities/ISASwizzler (= 7.12.0)
    - GoogleUtilities/Logger (= 7.12.0)
    - GoogleUtilities/MethodSwizzler (= 7.12.0)
    - GoogleUtilities/Network (= 7.12.0)
    - "GoogleUtilities/NSData+zlib (= 7.12.0)"
    - GoogleUtilities/Reachability (= 7.12.0)
    - GoogleUtilities/SwizzlerTestHelpers (= 7.12.0)
    - GoogleUtilities/UserDefaults (= 7.12.0)
  - GoogleUtilities/AppDelegateSwizzler (7.12.0):
    - GoogleUtilities/Environment
    - GoogleUtilities/Logger
    - GoogleUtilities/Network
  - GoogleUtilities/Environment (7.12.0):
    - PromisesObjC (< 3.0, >= 1.2)
  - GoogleUtilities/ISASwizzler (7.12.0)
  - GoogleUtilities/Logger (7.12.0):
    - GoogleUtilities/Environment
  - GoogleUtilities/MethodSwizzler (7.12.0):
    - GoogleUtilities/Logger
  - GoogleUtilities/Network (7.12.0):
    - GoogleUtilities/Logger
    - "GoogleUtilities/NSData+zlib"
    - GoogleUtilities/Reachability
  - "GoogleUtilities/NSData+zlib (7.12.0)"
  - GoogleUtilities/Reachability (7.12.0):
    - GoogleUtilities/Logger
  - GoogleUtilities/SwizzlerTestHelpers (7.12.0):
    - GoogleUtilities/MethodSwizzler
  - GoogleUtilities/UserDefaults (7.12.0):
    - GoogleUtilities/Logger
  - hermes-engine (0.11.0)
  - libevent (2.1.12)
  - lottie-ios (3.2.3)
  - lottie-react-native (5.1.3):
    - lottie-ios (~> 3.2.3)
    - React-Core
  - MMKV (1.3.1):
    - MMKVCore (~> 1.3.1)
  - MMKVCore (1.3.1)
  - nanopb (2.30909.1):
    - nanopb/decode (= 2.30909.1)
    - nanopb/encode (= 2.30909.1)
  - nanopb/decode (2.30909.1)
  - nanopb/encode (2.30909.1)
  - PromisesObjC (2.3.1)
  - RCT-Folly (2021.06.28.00-v2):
    - boost
    - DoubleConversion
    - fmt (~> 6.2.1)
    - glog
    - RCT-Folly/Default (= 2021.06.28.00-v2)
  - RCT-Folly/Default (2021.06.28.00-v2):
    - boost
    - DoubleConversion
    - fmt (~> 6.2.1)
    - glog
  - RCT-Folly/Futures (2021.06.28.00-v2):
    - boost
    - DoubleConversion
    - fmt (~> 6.2.1)
    - glog
    - libevent
  - RCTRequired (0.68.1)
  - RCTTypeSafety (0.68.1):
    - FBLazyVector (= 0.68.1)
    - RCT-Folly (= 2021.06.28.00-v2)
    - RCTRequired (= 0.68.1)
    - React-Core (= 0.68.1)
  - React (0.68.1):
    - React-Core (= 0.68.1)
    - React-Core/DevSupport (= 0.68.1)
    - React-Core/RCTWebSocket (= 0.68.1)
    - React-RCTActionSheet (= 0.68.1)
    - React-RCTAnimation (= 0.68.1)
    - React-RCTBlob (= 0.68.1)
    - React-RCTImage (= 0.68.1)
    - React-RCTLinking (= 0.68.1)
    - React-RCTNetwork (= 0.68.1)
    - React-RCTSettings (= 0.68.1)
    - React-RCTText (= 0.68.1)
    - React-RCTVibration (= 0.68.1)
  - React-callinvoker (0.68.1)
  - React-Codegen (0.68.1):
    - FBReactNativeSpec (= 0.68.1)
    - RCT-Folly (= 2021.06.28.00-v2)
    - RCTRequired (= 0.68.1)
    - RCTTypeSafety (= 0.68.1)
    - React-Core (= 0.68.1)
    - React-jsi (= 0.68.1)
    - React-jsiexecutor (= 0.68.1)
    - ReactCommon/turbomodule/core (= 0.68.1)
  - React-Core (0.68.1):
    - glog
    - RCT-Folly (= 2021.06.28.00-v2)
    - React-Core/Default (= 0.68.1)
    - React-cxxreact (= 0.68.1)
    - React-jsi (= 0.68.1)
    - React-jsiexecutor (= 0.68.1)
    - React-perflogger (= 0.68.1)
    - Yoga
  - React-Core/CoreModulesHeaders (0.68.1):
    - glog
    - RCT-Folly (= 2021.06.28.00-v2)
    - React-Core/Default
    - React-cxxreact (= 0.68.1)
    - React-jsi (= 0.68.1)
    - React-jsiexecutor (= 0.68.1)
    - React-perflogger (= 0.68.1)
    - Yoga
  - React-Core/Default (0.68.1):
    - glog
    - RCT-Folly (= 2021.06.28.00-v2)
    - React-cxxreact (= 0.68.1)
    - React-jsi (= 0.68.1)
    - React-jsiexecutor (= 0.68.1)
    - React-perflogger (= 0.68.1)
    - Yoga
  - React-Core/DevSupport (0.68.1):
    - glog
    - RCT-Folly (= 2021.06.28.00-v2)
    - React-Core/Default (= 0.68.1)
    - React-Core/RCTWebSocket (= 0.68.1)
    - React-cxxreact (= 0.68.1)
    - React-jsi (= 0.68.1)
    - React-jsiexecutor (= 0.68.1)
    - React-jsinspector (= 0.68.1)
    - React-perflogger (= 0.68.1)
    - Yoga
  - React-Core/RCTActionSheetHeaders (0.68.1):
    - glog
    - RCT-Folly (= 2021.06.28.00-v2)
    - React-Core/Default
    - React-cxxreact (= 0.68.1)
    - React-jsi (= 0.68.1)
    - React-jsiexecutor (= 0.68.1)
    - React-perflogger (= 0.68.1)
    - Yoga
  - React-Core/RCTAnimationHeaders (0.68.1):
    - glog
    - RCT-Folly (= 2021.06.28.00-v2)
    - React-Core/Default
    - React-cxxreact (= 0.68.1)
    - React-jsi (= 0.68.1)
    - React-jsiexecutor (= 0.68.1)
    - React-perflogger (= 0.68.1)
    - Yoga
  - React-Core/RCTBlobHeaders (0.68.1):
    - glog
    - RCT-Folly (= 2021.06.28.00-v2)
    - React-Core/Default
    - React-cxxreact (= 0.68.1)
    - React-jsi (= 0.68.1)
    - React-jsiexecutor (= 0.68.1)
    - React-perflogger (= 0.68.1)
    - Yoga
  - React-Core/RCTImageHeaders (0.68.1):
    - glog
    - RCT-Folly (= 2021.06.28.00-v2)
    - React-Core/Default
    - React-cxxreact (= 0.68.1)
    - React-jsi (= 0.68.1)
    - React-jsiexecutor (= 0.68.1)
    - React-perflogger (= 0.68.1)
    - Yoga
  - React-Core/RCTLinkingHeaders (0.68.1):
    - glog
    - RCT-Folly (= 2021.06.28.00-v2)
    - React-Core/Default
    - React-cxxreact (= 0.68.1)
    - React-jsi (= 0.68.1)
    - React-jsiexecutor (= 0.68.1)
    - React-perflogger (= 0.68.1)
    - Yoga
  - React-Core/RCTNetworkHeaders (0.68.1):
    - glog
    - RCT-Folly (= 2021.06.28.00-v2)
    - React-Core/Default
    - React-cxxreact (= 0.68.1)
    - React-jsi (= 0.68.1)
    - React-jsiexecutor (= 0.68.1)
    - React-perflogger (= 0.68.1)
    - Yoga
  - React-Core/RCTSettingsHeaders (0.68.1):
    - glog
    - RCT-Folly (= 2021.06.28.00-v2)
    - React-Core/Default
    - React-cxxreact (= 0.68.1)
    - React-jsi (= 0.68.1)
    - React-jsiexecutor (= 0.68.1)
    - React-perflogger (= 0.68.1)
    - Yoga
  - React-Core/RCTTextHeaders (0.68.1):
    - glog
    - RCT-Folly (= 2021.06.28.00-v2)
    - React-Core/Default
    - React-cxxreact (= 0.68.1)
    - React-jsi (= 0.68.1)
    - React-jsiexecutor (= 0.68.1)
    - React-perflogger (= 0.68.1)
    - Yoga
  - React-Core/RCTVibrationHeaders (0.68.1):
    - glog
    - RCT-Folly (= 2021.06.28.00-v2)
    - React-Core/Default
    - React-cxxreact (= 0.68.1)
    - React-jsi (= 0.68.1)
    - React-jsiexecutor (= 0.68.1)
    - React-perflogger (= 0.68.1)
    - Yoga
  - React-Core/RCTWebSocket (0.68.1):
    - glog
    - RCT-Folly (= 2021.06.28.00-v2)
    - React-Core/Default (= 0.68.1)
    - React-cxxreact (= 0.68.1)
    - React-jsi (= 0.68.1)
    - React-jsiexecutor (= 0.68.1)
    - React-perflogger (= 0.68.1)
    - Yoga
  - React-CoreModules (0.68.1):
    - RCT-Folly (= 2021.06.28.00-v2)
    - RCTTypeSafety (= 0.68.1)
    - React-Codegen (= 0.68.1)
    - React-Core/CoreModulesHeaders (= 0.68.1)
    - React-jsi (= 0.68.1)
    - React-RCTImage (= 0.68.1)
    - ReactCommon/turbomodule/core (= 0.68.1)
  - React-cxxreact (0.68.1):
    - boost (= 1.76.0)
    - DoubleConversion
    - glog
    - RCT-Folly (= 2021.06.28.00-v2)
    - React-callinvoker (= 0.68.1)
    - React-jsi (= 0.68.1)
    - React-jsinspector (= 0.68.1)
    - React-logger (= 0.68.1)
    - React-perflogger (= 0.68.1)
    - React-runtimeexecutor (= 0.68.1)
  - React-hermes (0.68.1):
    - DoubleConversion
    - glog
    - hermes-engine
    - RCT-Folly (= 2021.06.28.00-v2)
    - RCT-Folly/Futures (= 2021.06.28.00-v2)
    - React-cxxreact (= 0.68.1)
    - React-jsi (= 0.68.1)
    - React-jsiexecutor (= 0.68.1)
    - React-jsinspector (= 0.68.1)
    - React-perflogger (= 0.68.1)
  - React-jsi (0.68.1):
    - boost (= 1.76.0)
    - DoubleConversion
    - glog
    - RCT-Folly (= 2021.06.28.00-v2)
    - React-jsi/Default (= 0.68.1)
  - React-jsi/Default (0.68.1):
    - boost (= 1.76.0)
    - DoubleConversion
    - glog
    - RCT-Folly (= 2021.06.28.00-v2)
  - React-jsiexecutor (0.68.1):
    - DoubleConversion
    - glog
    - RCT-Folly (= 2021.06.28.00-v2)
    - React-cxxreact (= 0.68.1)
    - React-jsi (= 0.68.1)
    - React-perflogger (= 0.68.1)
  - React-jsinspector (0.68.1)
  - React-logger (0.68.1):
    - glog
  - react-native-change-icon (4.0.0):
    - React-Core
  - react-native-document-picker (8.1.1):
    - React-Core
  - react-native-geolocation-service (5.3.0):
    - React
  - react-native-mmkv (2.4.1):
    - MMKV (>= 1.2.13)
    - React-Core
  - react-native-netinfo (9.3.8):
    - React-Core
  - react-native-safe-area-context (4.2.4):
    - RCT-Folly
    - RCTRequired
    - RCTTypeSafety
    - React
    - ReactCommon/turbomodule/core
  - react-native-webview (11.23.0):
    - React-Core
  - React-perflogger (0.68.1)
  - React-RCTActionSheet (0.68.1):
    - React-Core/RCTActionSheetHeaders (= 0.68.1)
  - React-RCTAnimation (0.68.1):
    - RCT-Folly (= 2021.06.28.00-v2)
    - RCTTypeSafety (= 0.68.1)
    - React-Codegen (= 0.68.1)
    - React-Core/RCTAnimationHeaders (= 0.68.1)
    - React-jsi (= 0.68.1)
    - ReactCommon/turbomodule/core (= 0.68.1)
  - React-RCTBlob (0.68.1):
    - RCT-Folly (= 2021.06.28.00-v2)
    - React-Codegen (= 0.68.1)
    - React-Core/RCTBlobHeaders (= 0.68.1)
    - React-Core/RCTWebSocket (= 0.68.1)
    - React-jsi (= 0.68.1)
    - React-RCTNetwork (= 0.68.1)
    - ReactCommon/turbomodule/core (= 0.68.1)
  - React-RCTImage (0.68.1):
    - RCT-Folly (= 2021.06.28.00-v2)
    - RCTTypeSafety (= 0.68.1)
    - React-Codegen (= 0.68.1)
    - React-Core/RCTImageHeaders (= 0.68.1)
    - React-jsi (= 0.68.1)
    - React-RCTNetwork (= 0.68.1)
    - ReactCommon/turbomodule/core (= 0.68.1)
  - React-RCTLinking (0.68.1):
    - React-Codegen (= 0.68.1)
    - React-Core/RCTLinkingHeaders (= 0.68.1)
    - React-jsi (= 0.68.1)
    - ReactCommon/turbomodule/core (= 0.68.1)
  - React-RCTNetwork (0.68.1):
    - RCT-Folly (= 2021.06.28.00-v2)
    - RCTTypeSafety (= 0.68.1)
    - React-Codegen (= 0.68.1)
    - React-Core/RCTNetworkHeaders (= 0.68.1)
    - React-jsi (= 0.68.1)
    - ReactCommon/turbomodule/core (= 0.68.1)
  - React-RCTSettings (0.68.1):
    - RCT-Folly (= 2021.06.28.00-v2)
    - RCTTypeSafety (= 0.68.1)
    - React-Codegen (= 0.68.1)
    - React-Core/RCTSettingsHeaders (= 0.68.1)
    - React-jsi (= 0.68.1)
    - ReactCommon/turbomodule/core (= 0.68.1)
  - React-RCTText (0.68.1):
    - React-Core/RCTTextHeaders (= 0.68.1)
  - React-RCTVibration (0.68.1):
    - RCT-Folly (= 2021.06.28.00-v2)
    - React-Codegen (= 0.68.1)
    - React-Core/RCTVibrationHeaders (= 0.68.1)
    - React-jsi (= 0.68.1)
    - ReactCommon/turbomodule/core (= 0.68.1)
  - React-runtimeexecutor (0.68.1):
    - React-jsi (= 0.68.1)
  - ReactCommon/turbomodule/core (0.68.1):
    - DoubleConversion
    - glog
    - RCT-Folly (= 2021.06.28.00-v2)
    - React-callinvoker (= 0.68.1)
    - React-Core (= 0.68.1)
    - React-cxxreact (= 0.68.1)
    - React-jsi (= 0.68.1)
    - React-logger (= 0.68.1)
    - React-perflogger (= 0.68.1)
  - RNCClipboard (1.11.2):
    - React-Core
  - RNFileViewer (2.1.5):
    - React-Core
  - RNFS (2.20.0):
    - React-Core
  - RNGestureHandler (2.4.2):
    - React-Core
  - RNReactNativeSharedGroupPreferences (1.1.24):
    - React
  - RNReanimated (2.7.0):
    - DoubleConversion
    - FBLazyVector
    - FBReactNativeSpec
    - glog
    - RCT-Folly
    - RCTRequired
    - RCTTypeSafety
    - React-callinvoker
    - React-Core
    - React-Core/DevSupport
    - React-Core/RCTWebSocket
    - React-CoreModules
    - React-cxxreact
    - React-jsi
    - React-jsiexecutor
    - React-jsinspector
    - React-RCTActionSheet
    - React-RCTAnimation
    - React-RCTBlob
    - React-RCTImage
    - React-RCTLinking
    - React-RCTNetwork
    - React-RCTSettings
    - React-RCTText
    - ReactCommon/turbomodule/core
    - Yoga
  - RNScreens (3.13.1):
    - React-Core
    - React-RCTImage
  - RNVectorIcons (9.1.0):
    - React-Core
  - RNYamap (4.1.18):
    - React
    - YandexMapsMobile (= 4.2.2-full)
  - YandexMapsMobile (4.2.2-full)
  - Yoga (1.14.0)

DEPENDENCIES:
  - boost (from `../node_modules/react-native/third-party-podspecs/boost.podspec`)
  - DoubleConversion (from `../node_modules/react-native/third-party-podspecs/DoubleConversion.podspec`)
  - FBLazyVector (from `../node_modules/react-native/Libraries/FBLazyVector`)
  - FBReactNativeSpec (from `../node_modules/react-native/React/FBReactNativeSpec`)
  - Firebase
  - FirebaseCore
  - FirebaseCoreInternal
  - glog (from `../node_modules/react-native/third-party-podspecs/glog.podspec`)
  - GoogleUtilities
  - hermes-engine (~> 0.11.0)
  - libevent (~> 2.1.12)
  - lottie-ios (from `../node_modules/lottie-ios`)
  - lottie-react-native (from `../node_modules/lottie-react-native`)
  - RCT-Folly (from `../node_modules/react-native/third-party-podspecs/RCT-Folly.podspec`)
  - RCTRequired (from `../node_modules/react-native/Libraries/RCTRequired`)
  - RCTTypeSafety (from `../node_modules/react-native/Libraries/TypeSafety`)
  - React (from `../node_modules/react-native/`)
  - React-callinvoker (from `../node_modules/react-native/ReactCommon/callinvoker`)
  - React-Codegen (from `build/generated/ios`)
  - React-Core (from `../node_modules/react-native/`)
  - React-Core/DevSupport (from `../node_modules/react-native/`)
  - React-Core/RCTWebSocket (from `../node_modules/react-native/`)
  - React-CoreModules (from `../node_modules/react-native/React/CoreModules`)
  - React-cxxreact (from `../node_modules/react-native/ReactCommon/cxxreact`)
  - React-hermes (from `../node_modules/react-native/ReactCommon/hermes`)
  - React-jsi (from `../node_modules/react-native/ReactCommon/jsi`)
  - React-jsiexecutor (from `../node_modules/react-native/ReactCommon/jsiexecutor`)
  - React-jsinspector (from `../node_modules/react-native/ReactCommon/jsinspector`)
  - React-logger (from `../node_modules/react-native/ReactCommon/logger`)
  - react-native-change-icon (from `../node_modules/react-native-change-icon`)
  - react-native-document-picker (from `../node_modules/react-native-document-picker`)
  - react-native-geolocation-service (from `../node_modules/react-native-geolocation-service`)
  - react-native-mmkv (from `../node_modules/react-native-mmkv`)
  - "react-native-netinfo (from `../node_modules/@react-native-community/netinfo`)"
  - react-native-safe-area-context (from `../node_modules/react-native-safe-area-context`)
  - react-native-webview (from `../node_modules/react-native-webview`)
  - React-perflogger (from `../node_modules/react-native/ReactCommon/reactperflogger`)
  - React-RCTActionSheet (from `../node_modules/react-native/Libraries/ActionSheetIOS`)
  - React-RCTAnimation (from `../node_modules/react-native/Libraries/NativeAnimation`)
  - React-RCTBlob (from `../node_modules/react-native/Libraries/Blob`)
  - React-RCTImage (from `../node_modules/react-native/Libraries/Image`)
  - React-RCTLinking (from `../node_modules/react-native/Libraries/LinkingIOS`)
  - React-RCTNetwork (from `../node_modules/react-native/Libraries/Network`)
  - React-RCTSettings (from `../node_modules/react-native/Libraries/Settings`)
  - React-RCTText (from `../node_modules/react-native/Libraries/Text`)
  - React-RCTVibration (from `../node_modules/react-native/Libraries/Vibration`)
  - React-runtimeexecutor (from `../node_modules/react-native/ReactCommon/runtimeexecutor`)
  - ReactCommon/turbomodule/core (from `../node_modules/react-native/ReactCommon`)
  - "RNCClipboard (from `../node_modules/@react-native-clipboard/clipboard`)"
  - RNFileViewer (from `../node_modules/react-native-file-viewer`)
  - RNFS (from `../node_modules/react-native-fs`)
  - RNGestureHandler (from `../node_modules/react-native-gesture-handler`)
  - RNReactNativeSharedGroupPreferences (from `../node_modules/react-native-shared-group-preferences`)
  - RNReanimated (from `../node_modules/react-native-reanimated`)
  - RNScreens (from `../node_modules/react-native-screens`)
  - RNVectorIcons (from `../node_modules/react-native-vector-icons`)
  - RNYamap (from `../node_modules/react-native-yamap`)
  - Yoga (from `../node_modules/react-native/ReactCommon/yoga`)

SPEC REPOS:
  trunk:
    - Firebase
    - FirebaseAnalytics
    - FirebaseCore
    - FirebaseCoreDiagnostics
    - FirebaseCoreInternal
    - FirebaseInstallations
    - fmt
    - GoogleAppMeasurement
    - GoogleDataTransport
    - GoogleUtilities
    - hermes-engine
    - libevent
    - MMKV
    - MMKVCore
    - nanopb
    - PromisesObjC
    - YandexMapsMobile

EXTERNAL SOURCES:
  boost:
    :podspec: "../node_modules/react-native/third-party-podspecs/boost.podspec"
  DoubleConversion:
    :podspec: "../node_modules/react-native/third-party-podspecs/DoubleConversion.podspec"
  FBLazyVector:
    :path: "../node_modules/react-native/Libraries/FBLazyVector"
  FBReactNativeSpec:
    :path: "../node_modules/react-native/React/FBReactNativeSpec"
  glog:
    :podspec: "../node_modules/react-native/third-party-podspecs/glog.podspec"
  lottie-ios:
    :path: "../node_modules/lottie-ios"
  lottie-react-native:
    :path: "../node_modules/lottie-react-native"
  RCT-Folly:
    :podspec: "../node_modules/react-native/third-party-podspecs/RCT-Folly.podspec"
  RCTRequired:
    :path: "../node_modules/react-native/Libraries/RCTRequired"
  RCTTypeSafety:
    :path: "../node_modules/react-native/Libraries/TypeSafety"
  React:
    :path: "../node_modules/react-native/"
  React-callinvoker:
    :path: "../node_modules/react-native/ReactCommon/callinvoker"
  React-Codegen:
    :path: build/generated/ios
  React-Core:
    :path: "../node_modules/react-native/"
  React-CoreModules:
    :path: "../node_modules/react-native/React/CoreModules"
  React-cxxreact:
    :path: "../node_modules/react-native/ReactCommon/cxxreact"
  React-hermes:
    :path: "../node_modules/react-native/ReactCommon/hermes"
  React-jsi:
    :path: "../node_modules/react-native/ReactCommon/jsi"
  React-jsiexecutor:
    :path: "../node_modules/react-native/ReactCommon/jsiexecutor"
  React-jsinspector:
    :path: "../node_modules/react-native/ReactCommon/jsinspector"
  React-logger:
    :path: "../node_modules/react-native/ReactCommon/logger"
  react-native-change-icon:
    :path: "../node_modules/react-native-change-icon"
  react-native-document-picker:
    :path: "../node_modules/react-native-document-picker"
  react-native-geolocation-service:
    :path: "../node_modules/react-native-geolocation-service"
  react-native-mmkv:
    :path: "../node_modules/react-native-mmkv"
  react-native-netinfo:
    :path: "../node_modules/@react-native-community/netinfo"
  react-native-safe-area-context:
    :path: "../node_modules/react-native-safe-area-context"
  react-native-webview:
    :path: "../node_modules/react-native-webview"
  React-perflogger:
    :path: "../node_modules/react-native/ReactCommon/reactperflogger"
  React-RCTActionSheet:
    :path: "../node_modules/react-native/Libraries/ActionSheetIOS"
  React-RCTAnimation:
    :path: "../node_modules/react-native/Libraries/NativeAnimation"
  React-RCTBlob:
    :path: "../node_modules/react-native/Libraries/Blob"
  React-RCTImage:
    :path: "../node_modules/react-native/Libraries/Image"
  React-RCTLinking:
    :path: "../node_modules/react-native/Libraries/LinkingIOS"
  React-RCTNetwork:
    :path: "../node_modules/react-native/Libraries/Network"
  React-RCTSettings:
    :path: "../node_modules/react-native/Libraries/Settings"
  React-RCTText:
    :path: "../node_modules/react-native/Libraries/Text"
  React-RCTVibration:
    :path: "../node_modules/react-native/Libraries/Vibration"
  React-runtimeexecutor:
    :path: "../node_modules/react-native/ReactCommon/runtimeexecutor"
  ReactCommon:
    :path: "../node_modules/react-native/ReactCommon"
  RNCClipboard:
    :path: "../node_modules/@react-native-clipboard/clipboard"
  RNFileViewer:
    :path: "../node_modules/react-native-file-viewer"
  RNFS:
    :path: "../node_modules/react-native-fs"
  RNGestureHandler:
    :path: "../node_modules/react-native-gesture-handler"
  RNReactNativeSharedGroupPreferences:
    :path: "../node_modules/react-native-shared-group-preferences"
  RNReanimated:
    :path: "../node_modules/react-native-reanimated"
  RNScreens:
    :path: "../node_modules/react-native-screens"
  RNVectorIcons:
    :path: "../node_modules/react-native-vector-icons"
  RNYamap:
    :path: "../node_modules/react-native-yamap"
  Yoga:
    :path: "../node_modules/react-native/ReactCommon/yoga"

SPEC CHECKSUMS:
  boost: a7c83b31436843459a1961bfd74b96033dc77234
  DoubleConversion: 831926d9b8bf8166fd87886c4abab286c2422662
  FBLazyVector: 2c76493a346ef8cacf1f442926a39f805fffec1f
  FBReactNativeSpec: 371350f24afa87b6aba606972ec959dcd4a95c9a
  Firebase: 7703fc4022824b6d6db1bf7bea58d13b8e17ec46
  FirebaseAnalytics: a1a24e72b7ba7f47045a4633f1abb545c07bd29c
  FirebaseCore: 9a2b10270a854731c4d4d8a97d0aa8380ec3458d
  FirebaseCoreDiagnostics: 99a495094b10a57eeb3ae8efa1665700ad0bdaa6
  FirebaseCoreInternal: bca76517fe1ed381e989f5e7d8abb0da8d85bed3
  FirebaseInstallations: 0a115432c4e223c5ab20b0dbbe4cbefa793a0e8e
  fmt: ff9d55029c625d3757ed641535fd4a75fedc7ce9
  glog: 476ee3e89abb49e07f822b48323c51c57124b572
  GoogleAppMeasurement: 5d69e04287fc2c10cc43724bfa4bf31fc12c3dff
  GoogleDataTransport: 54dee9d48d14580407f8f5fbf2f496e92437a2f2
  GoogleUtilities: 0759d1a57ebb953965c2dfe0ba4c82e95ccc2e34
  hermes-engine: 84e3af1ea01dd7351ac5d8689cbbea1f9903ffc3
  libevent: 4049cae6c81cdb3654a443be001fb9bdceff7913
  lottie-ios: c058aeafa76daa4cf64d773554bccc8385d0150e
  lottie-react-native: a501112fa980529ccb80b9f3ee117a7f98c6af3a
  MMKV: 5a07930c70c70b86cd87761a42c8f3836fb681d7
  MMKVCore: e50135dbd33235b6ab390635991bab437ab873c0
  nanopb: d4d75c12cd1316f4a64e3c6963f879ecd4b5e0d5
  PromisesObjC: c50d2056b5253dadbd6c2bea79b0674bd5a52fa4
  RCT-Folly: 4d8508a426467c48885f1151029bc15fa5d7b3b8
  RCTRequired: 00581111c53531e39e3c6346ef0d2c0cf52a5a37
  RCTTypeSafety: 07e03ee7800e7dd65cba8e52ad0c2edb06c96604
  React: e61f4bf3c573d0c61c56b53dc3eb1d9daf0768a0
  React-callinvoker: 047d47230bb6fd66827f8cb0bea4e944ffd1309b
  React-Codegen: bb0403cde7374af091530e84e492589485aab480
  React-Core: a4a3a8e10d004b08e013c3d0438259dd89a3894c
  React-CoreModules: bb9f8bc36f1ae6d780b856927fa9d4aa01ccccc0
  React-cxxreact: 7dd472aefb8629d6080cbb859240bafccd902704
  React-hermes: a245deb80c8d0bc35ed599109562c1c75ca803bc
  React-jsi: b25808afe821b607d51c779bdd1717be8393b7ec
  React-jsiexecutor: 4a4bae5671b064a2248a690cf75957669489d08c
  React-jsinspector: 218a2503198ff28a085f8e16622a8d8f507c8019
  React-logger: f79dd3cc0f9b44f5611c6c7862badd891a862cf8
  react-native-change-icon: ea9bb7255b09e89f41cbf282df16eade91ab1833
  react-native-document-picker: f68191637788994baed5f57d12994aa32cf8bf88
  react-native-geolocation-service: f32ef48fa665bd710207a3ac39bc127cac9cb993
  react-native-mmkv: b5c7f9bc369eef2b8a2aa36e8a15949989fa823f
  react-native-netinfo: fbc23bc2fe217155d85f2f7e0644b1654df8029b
  react-native-safe-area-context: f98b0b16d1546d208fc293b4661e3f81a895afd9
  react-native-webview: e771bc375f789ebfa02a26939a57dbc6fa897336
  React-perflogger: 30ab8d6db10e175626069e742eead3ebe8f24fd5
  React-RCTActionSheet: 4b45da334a175b24dabe75f856b98fed3dfd6201
  React-RCTAnimation: d6237386cb04500889877845b3e9e9291146bc2e
  React-RCTBlob: bc9e2cd738c43bd2948e862e371402ef9584730a
  React-RCTImage: 9f8cac465c6e5837007f59ade2a0a741016dd6a3
  React-RCTLinking: 5073abb7d30cc0824b2172bd4582fc15bfc40510
  React-RCTNetwork: 28ff94aa7d8fc117fc800b87dd80869a00d2bef3
  React-RCTSettings: f27aa036f7270fe6ca43f8cdd1819e821fa429a0
  React-RCTText: 7cb6f86fa7bc86f22f16333ad243b158e63b2a68
  React-RCTVibration: 9e344c840176b0af9c84d5019eb4fed8b3c105a1
  React-runtimeexecutor: 7285b499d0339104b2813a1f58ad1ada4adbd6c0
  ReactCommon: bf2888a826ceedf54b99ad1b6182d1bc4a8a3984
  RNCClipboard: 3f0451a8100393908bea5c5c5b16f96d45f30bfc
  RNFileViewer: ce7ca3ac370e18554d35d6355cffd7c30437c592
  RNFS: 4ac0f0ea233904cb798630b3c077808c06931688
  RNGestureHandler: 61628a2c859172551aa2100d3e73d1e57878392f
  RNReactNativeSharedGroupPreferences: 29092869fc2e40d5baca5e15d82fa5c24a668977
  RNReanimated: e42de406edd11350af29016cf6802ef16ee364d0
  RNScreens: 40a2cb40a02a609938137a1e0acfbf8fc9eebf19
  RNVectorIcons: 7923e585eaeb139b9f4531d25a125a1500162a0b
  RNYamap: 3466eba02ad952b7521d77672fc758cf612bb6b8
  YandexMapsMobile: 1fd5f86bc368ad6ba528b199f9477e4a26796567
  Yoga: 17cd9a50243093b547c1e539c749928dd68152da

PODFILE CHECKSUM: d8346c78885b9a615a7b846d7f1518270bb39ef0

COCOAPODS: 1.12.1
