// !$*UTF8*$!
{
	archiveVersion = 1;
	classes = {
	};
	objectVersion = 54;
	objects = {

/* Begin PBXBuildFile section */
		00E356F31AD99517003FC87E /* MpeiAppTests.m in Sources */ = {isa = PBXBuildFile; fileRef = 00E356F21AD99517003FC87E /* MpeiAppTests.m */; };
		13B07FBC1A68108700A75B9A /* AppDelegate.mm in Sources */ = {isa = PBXBuildFile; fileRef = 13B07FB01A68108700A75B9A /* AppDelegate.mm */; };
		13B07FBF1A68108700A75B9A /* Images.xcassets in Resources */ = {isa = PBXBuildFile; fileRef = 13B07FB51A68108700A75B9A /* Images.xcassets */; };
		13B07FC11A68108700A75B9A /* main.m in Sources */ = {isa = PBXBuildFile; fileRef = 13B07FB71A68108700A75B9A /* main.m */; };
		1469CF4D28AEB3F100848D43 /* GoogleService-Info.plist in Resources */ = {isa = PBXBuildFile; fileRef = 1469CF4C28AEB3F000848D43 /* GoogleService-Info.plist */; };
		14B87967280B0B6A000B420C /* cool@2x.png in Resources */ = {isa = PBXBuildFile; fileRef = 14B87965280B0B6A000B420C /* cool@2x.png */; };
		14B87968280B0B6A000B420C /* cool@3x.png in Resources */ = {isa = PBXBuildFile; fileRef = 14B87966280B0B6A000B420C /* cool@3x.png */; };
		14B8796B280B0B8B000B420C /* dragons@2x.png in Resources */ = {isa = PBXBuildFile; fileRef = 14B87969280B0B8B000B420C /* dragons@2x.png */; };
		14B8796C280B0B8B000B420C /* dragons@3x.png in Resources */ = {isa = PBXBuildFile; fileRef = 14B8796A280B0B8B000B420C /* dragons@3x.png */; };
		49040C462C5D3DFB001822A2 /* WidgetKit.framework in Frameworks */ = {isa = PBXBuildFile; fileRef = 49040C152C5D0B92001822A2 /* WidgetKit.framework */; };
		49040C472C5D3DFB001822A2 /* SwiftUI.framework in Frameworks */ = {isa = PBXBuildFile; fileRef = 49040C172C5D0B93001822A2 /* SwiftUI.framework */; };
		49040C4A2C5D3DFB001822A2 /* ScheduleWidgetBundle.swift in Sources */ = {isa = PBXBuildFile; fileRef = 49040C492C5D3DFB001822A2 /* ScheduleWidgetBundle.swift */; };
		49040C4C2C5D3DFC001822A2 /* ScheduleWidget.swift in Sources */ = {isa = PBXBuildFile; fileRef = 49040C4B2C5D3DFC001822A2 /* ScheduleWidget.swift */; };
		49040C4E2C5D3DFC001822A2 /* AppIntent.swift in Sources */ = {isa = PBXBuildFile; fileRef = 49040C4D2C5D3DFC001822A2 /* AppIntent.swift */; };
		49040C502C5D3DFE001822A2 /* Assets.xcassets in Resources */ = {isa = PBXBuildFile; fileRef = 49040C4F2C5D3DFE001822A2 /* Assets.xcassets */; };
		49040C542C5D3DFE001822A2 /* ScheduleWidgetExtension.appex in Embed Foundation Extensions */ = {isa = PBXBuildFile; fileRef = 49040C452C5D3DFB001822A2 /* ScheduleWidgetExtension.appex */; settings = {ATTRIBUTES = (RemoveHeadersOnCopy, ); }; };
		495C9A7F295DCA71004C81A1 /* gold@2x.png in Resources */ = {isa = PBXBuildFile; fileRef = 495C9A7D295DCA71004C81A1 /* gold@2x.png */; };
		495C9A82295DCA82004C81A1 /* gold@3x.png in Resources */ = {isa = PBXBuildFile; fileRef = 495C9A80295DCA82004C81A1 /* gold@3x.png */; };
		495C9A85295DCA96004C81A1 /* matterial@2x.png in Resources */ = {isa = PBXBuildFile; fileRef = 495C9A83295DCA96004C81A1 /* matterial@2x.png */; };
		495C9A88295DCAA1004C81A1 /* matterial@3x.png in Resources */ = {isa = PBXBuildFile; fileRef = 495C9A86295DCAA1004C81A1 /* matterial@3x.png */; };
		495C9A8B295DCAB2004C81A1 /* simple@2x.png in Resources */ = {isa = PBXBuildFile; fileRef = 495C9A89295DCAB2004C81A1 /* simple@2x.png */; };
		495C9A8E295DCABB004C81A1 /* simple@3x.png in Resources */ = {isa = PBXBuildFile; fileRef = 495C9A8C295DCABB004C81A1 /* simple@3x.png */; };
		499B6A9F29F07C94005E9A24 /* gold@2x.png in Resources */ = {isa = PBXBuildFile; fileRef = 499B6A9E29F07C94005E9A24 /* gold@2x.png */; };
		499B6AA129F07C94005E9A24 /* gold@3x.png in Resources */ = {isa = PBXBuildFile; fileRef = 499B6AA029F07C94005E9A24 /* gold@3x.png */; };
		499B6AA329F07C94005E9A24 /* matterial@2x.png in Resources */ = {isa = PBXBuildFile; fileRef = 499B6AA229F07C94005E9A24 /* matterial@2x.png */; };
		499B6AA529F07C94005E9A24 /* matterial@3x.png in Resources */ = {isa = PBXBuildFile; fileRef = 499B6AA429F07C94005E9A24 /* matterial@3x.png */; };
		499B6AA729F07C94005E9A24 /* simple@2x.png in Resources */ = {isa = PBXBuildFile; fileRef = 499B6AA629F07C94005E9A24 /* simple@2x.png */; };
		499B6AA929F07C94005E9A24 /* simple@3x.png in Resources */ = {isa = PBXBuildFile; fileRef = 499B6AA829F07C94005E9A24 /* simple@3x.png */; };
		7A3EDC2EEDDA3492B7890081 /* libPods-MpeiApp.a in Frameworks */ = {isa = PBXBuildFile; fileRef = 4577486093D4F10838A3F71D /* libPods-MpeiApp.a */; };
		81AB9BB82411601600AC10FF /* LaunchScreen.storyboard in Resources */ = {isa = PBXBuildFile; fileRef = 81AB9BB72411601600AC10FF /* LaunchScreen.storyboard */; };
		8514A4CF147F225AB216D24A /* libPods-MpeiApp-MpeiAppTests.a in Frameworks */ = {isa = PBXBuildFile; fileRef = E0D5EA9F381CBB046CC69471 /* libPods-MpeiApp-MpeiAppTests.a */; };
/* End PBXBuildFile section */

/* Begin PBXContainerItemProxy section */
		00E356F41AD99517003FC87E /* PBXContainerItemProxy */ = {
			isa = PBXContainerItemProxy;
			containerPortal = 83CBB9F71A601CBA00E9B192 /* Project object */;
			proxyType = 1;
			remoteGlobalIDString = 13B07F861A680F5B00A75B9A;
			remoteInfo = MpeiApp;
		};
		49040C522C5D3DFE001822A2 /* PBXContainerItemProxy */ = {
			isa = PBXContainerItemProxy;
			containerPortal = 83CBB9F71A601CBA00E9B192 /* Project object */;
			proxyType = 1;
			remoteGlobalIDString = 49040C442C5D3DFB001822A2;
			remoteInfo = ScheduleWidgetExtension;
		};
/* End PBXContainerItemProxy section */

/* Begin PBXCopyFilesBuildPhase section */
		49040C2B2C5D0B95001822A2 /* Embed Foundation Extensions */ = {
			isa = PBXCopyFilesBuildPhase;
			buildActionMask = 2147483647;
			dstPath = "";
			dstSubfolderSpec = 13;
			files = (
				49040C542C5D3DFE001822A2 /* ScheduleWidgetExtension.appex in Embed Foundation Extensions */,
			);
			name = "Embed Foundation Extensions";
			runOnlyForDeploymentPostprocessing = 0;
		};
/* End PBXCopyFilesBuildPhase section */

/* Begin PBXFileReference section */
		00E356EE1AD99517003FC87E /* MpeiAppTests.xctest */ = {isa = PBXFileReference; explicitFileType = wrapper.cfbundle; includeInIndex = 0; path = MpeiAppTests.xctest; sourceTree = BUILT_PRODUCTS_DIR; };
		00E356F11AD99517003FC87E /* Info.plist */ = {isa = PBXFileReference; lastKnownFileType = text.plist.xml; path = Info.plist; sourceTree = "<group>"; };
		00E356F21AD99517003FC87E /* MpeiAppTests.m */ = {isa = PBXFileReference; lastKnownFileType = sourcecode.c.objc; path = MpeiAppTests.m; sourceTree = "<group>"; };
		13B07F961A680F5B00A75B9A /* MpeiApp.app */ = {isa = PBXFileReference; explicitFileType = wrapper.application; includeInIndex = 0; path = MpeiApp.app; sourceTree = BUILT_PRODUCTS_DIR; };
		13B07FAF1A68108700A75B9A /* AppDelegate.h */ = {isa = PBXFileReference; fileEncoding = 4; lastKnownFileType = sourcecode.c.h; name = AppDelegate.h; path = MpeiApp/AppDelegate.h; sourceTree = "<group>"; };
		13B07FB01A68108700A75B9A /* AppDelegate.mm */ = {isa = PBXFileReference; fileEncoding = 4; lastKnownFileType = sourcecode.cpp.objcpp; name = AppDelegate.mm; path = MpeiApp/AppDelegate.mm; sourceTree = "<group>"; };
		13B07FB51A68108700A75B9A /* Images.xcassets */ = {isa = PBXFileReference; lastKnownFileType = folder.assetcatalog; name = Images.xcassets; path = MpeiApp/Images.xcassets; sourceTree = "<group>"; };
		13B07FB61A68108700A75B9A /* Info.plist */ = {isa = PBXFileReference; fileEncoding = 4; lastKnownFileType = text.plist.xml; name = Info.plist; path = MpeiApp/Info.plist; sourceTree = "<group>"; };
		13B07FB71A68108700A75B9A /* main.m */ = {isa = PBXFileReference; fileEncoding = 4; lastKnownFileType = sourcecode.c.objc; name = main.m; path = MpeiApp/main.m; sourceTree = "<group>"; };
		1469CF4B28AEAC4000848D43 /* MpeiApp.entitlements */ = {isa = PBXFileReference; lastKnownFileType = text.plist.entitlements; name = MpeiApp.entitlements; path = MpeiApp/MpeiApp.entitlements; sourceTree = "<group>"; };
		1469CF4C28AEB3F000848D43 /* GoogleService-Info.plist */ = {isa = PBXFileReference; fileEncoding = 4; lastKnownFileType = text.plist.xml; path = "GoogleService-Info.plist"; sourceTree = "<group>"; };
		147D55DA28971496002DC120 /* libreact-native-mail.a */ = {isa = PBXFileReference; explicitFileType = archive.ar; path = "libreact-native-mail.a"; sourceTree = BUILT_PRODUCTS_DIR; };
		14B87965280B0B6A000B420C /* cool@2x.png */ = {isa = PBXFileReference; lastKnownFileType = image.png; name = "cool@2x.png"; path = "../../assets/icons/cool/Assets.xcassets/AppIcon.appiconset/cool@2x.png"; sourceTree = "<group>"; };
		14B87966280B0B6A000B420C /* cool@3x.png */ = {isa = PBXFileReference; lastKnownFileType = image.png; name = "cool@3x.png"; path = "../../assets/icons/cool/Assets.xcassets/AppIcon.appiconset/cool@3x.png"; sourceTree = "<group>"; };
		14B87969280B0B8B000B420C /* dragons@2x.png */ = {isa = PBXFileReference; lastKnownFileType = image.png; name = "dragons@2x.png"; path = "../../assets/icons/dragons/Assets.xcassets/AppIcon.appiconset/dragons@2x.png"; sourceTree = "<group>"; };
		14B8796A280B0B8B000B420C /* dragons@3x.png */ = {isa = PBXFileReference; lastKnownFileType = image.png; name = "dragons@3x.png"; path = "../../assets/icons/dragons/Assets.xcassets/AppIcon.appiconset/dragons@3x.png"; sourceTree = "<group>"; };
		3B4392A12AC88292D35C810B /* Pods-MpeiApp.debug.xcconfig */ = {isa = PBXFileReference; includeInIndex = 1; lastKnownFileType = text.xcconfig; name = "Pods-MpeiApp.debug.xcconfig"; path = "Target Support Files/Pods-MpeiApp/Pods-MpeiApp.debug.xcconfig"; sourceTree = "<group>"; };
		4577486093D4F10838A3F71D /* libPods-MpeiApp.a */ = {isa = PBXFileReference; explicitFileType = archive.ar; includeInIndex = 0; path = "libPods-MpeiApp.a"; sourceTree = BUILT_PRODUCTS_DIR; };
		49040C152C5D0B92001822A2 /* WidgetKit.framework */ = {isa = PBXFileReference; lastKnownFileType = wrapper.framework; name = WidgetKit.framework; path = System/Library/Frameworks/WidgetKit.framework; sourceTree = SDKROOT; };
		49040C172C5D0B93001822A2 /* SwiftUI.framework */ = {isa = PBXFileReference; lastKnownFileType = wrapper.framework; name = SwiftUI.framework; path = System/Library/Frameworks/SwiftUI.framework; sourceTree = SDKROOT; };
		49040C452C5D3DFB001822A2 /* ScheduleWidgetExtension.appex */ = {isa = PBXFileReference; explicitFileType = "wrapper.app-extension"; includeInIndex = 0; path = ScheduleWidgetExtension.appex; sourceTree = BUILT_PRODUCTS_DIR; };
		49040C492C5D3DFB001822A2 /* ScheduleWidgetBundle.swift */ = {isa = PBXFileReference; lastKnownFileType = sourcecode.swift; path = ScheduleWidgetBundle.swift; sourceTree = "<group>"; };
		49040C4B2C5D3DFC001822A2 /* ScheduleWidget.swift */ = {isa = PBXFileReference; lastKnownFileType = sourcecode.swift; path = ScheduleWidget.swift; sourceTree = "<group>"; };
		49040C4D2C5D3DFC001822A2 /* AppIntent.swift */ = {isa = PBXFileReference; lastKnownFileType = sourcecode.swift; path = AppIntent.swift; sourceTree = "<group>"; };
		49040C4F2C5D3DFE001822A2 /* Assets.xcassets */ = {isa = PBXFileReference; lastKnownFileType = folder.assetcatalog; path = Assets.xcassets; sourceTree = "<group>"; };
		49040C512C5D3DFE001822A2 /* Info.plist */ = {isa = PBXFileReference; lastKnownFileType = text.plist.xml; path = Info.plist; sourceTree = "<group>"; };
		4951904D2C5EB92200E52D37 /* ScheduleWidgetExtension.entitlements */ = {isa = PBXFileReference; lastKnownFileType = text.plist.entitlements; path = ScheduleWidgetExtension.entitlements; sourceTree = "<group>"; };
		495C9A7D295DCA71004C81A1 /* gold@2x.png */ = {isa = PBXFileReference; lastKnownFileType = image.png; name = "gold@2x.png"; path = "../../../Icons/gold@2x.png"; sourceTree = "<group>"; };
		495C9A80295DCA82004C81A1 /* gold@3x.png */ = {isa = PBXFileReference; lastKnownFileType = image.png; name = "gold@3x.png"; path = "../../../Icons/gold@3x.png"; sourceTree = "<group>"; };
		495C9A83295DCA96004C81A1 /* matterial@2x.png */ = {isa = PBXFileReference; lastKnownFileType = image.png; name = "matterial@2x.png"; path = "../../../Icons/matterial@2x.png"; sourceTree = "<group>"; };
		495C9A86295DCAA1004C81A1 /* matterial@3x.png */ = {isa = PBXFileReference; lastKnownFileType = image.png; name = "matterial@3x.png"; path = "../../../Icons/matterial@3x.png"; sourceTree = "<group>"; };
		495C9A89295DCAB2004C81A1 /* simple@2x.png */ = {isa = PBXFileReference; lastKnownFileType = image.png; name = "simple@2x.png"; path = "../../../Icons/simple@2x.png"; sourceTree = "<group>"; };
		495C9A8C295DCABB004C81A1 /* simple@3x.png */ = {isa = PBXFileReference; lastKnownFileType = image.png; name = "simple@3x.png"; path = "../../../Icons/simple@3x.png"; sourceTree = "<group>"; };
		499B6A9C29F07C93005E9A24 /* Icons */ = {isa = PBXFileReference; lastKnownFileType = folder; name = Icons; path = ../Icons; sourceTree = "<group>"; };
		499B6A9E29F07C94005E9A24 /* gold@2x.png */ = {isa = PBXFileReference; lastKnownFileType = image.png; name = "gold@2x.png"; path = "../Icons/gold@2x.png"; sourceTree = "<group>"; };
		499B6AA029F07C94005E9A24 /* gold@3x.png */ = {isa = PBXFileReference; lastKnownFileType = image.png; name = "gold@3x.png"; path = "../Icons/gold@3x.png"; sourceTree = "<group>"; };
		499B6AA229F07C94005E9A24 /* matterial@2x.png */ = {isa = PBXFileReference; lastKnownFileType = image.png; name = "matterial@2x.png"; path = "../Icons/matterial@2x.png"; sourceTree = "<group>"; };
		499B6AA429F07C94005E9A24 /* matterial@3x.png */ = {isa = PBXFileReference; lastKnownFileType = image.png; name = "matterial@3x.png"; path = "../Icons/matterial@3x.png"; sourceTree = "<group>"; };
		499B6AA629F07C94005E9A24 /* simple@2x.png */ = {isa = PBXFileReference; lastKnownFileType = image.png; name = "simple@2x.png"; path = "../Icons/simple@2x.png"; sourceTree = "<group>"; };
		499B6AA829F07C94005E9A24 /* simple@3x.png */ = {isa = PBXFileReference; lastKnownFileType = image.png; name = "simple@3x.png"; path = "../Icons/simple@3x.png"; sourceTree = "<group>"; };
		5709B34CF0A7D63546082F79 /* Pods-MpeiApp.release.xcconfig */ = {isa = PBXFileReference; includeInIndex = 1; lastKnownFileType = text.xcconfig; name = "Pods-MpeiApp.release.xcconfig"; path = "Target Support Files/Pods-MpeiApp/Pods-MpeiApp.release.xcconfig"; sourceTree = "<group>"; };
		5B7EB9410499542E8C5724F5 /* Pods-MpeiApp-MpeiAppTests.debug.xcconfig */ = {isa = PBXFileReference; includeInIndex = 1; lastKnownFileType = text.xcconfig; name = "Pods-MpeiApp-MpeiAppTests.debug.xcconfig"; path = "Target Support Files/Pods-MpeiApp-MpeiAppTests/Pods-MpeiApp-MpeiAppTests.debug.xcconfig"; sourceTree = "<group>"; };
		67EB05771A474A6D994CC9BC /* libRNMailCore.a */ = {isa = PBXFileReference; explicitFileType = undefined; fileEncoding = 9; includeInIndex = 0; lastKnownFileType = archive.ar; path = libRNMailCore.a; sourceTree = "<group>"; };
		81AB9BB72411601600AC10FF /* LaunchScreen.storyboard */ = {isa = PBXFileReference; fileEncoding = 4; lastKnownFileType = file.storyboard; name = LaunchScreen.storyboard; path = MpeiApp/LaunchScreen.storyboard; sourceTree = "<group>"; };
		89C6BE57DB24E9ADA2F236DE /* Pods-MpeiApp-MpeiAppTests.release.xcconfig */ = {isa = PBXFileReference; includeInIndex = 1; lastKnownFileType = text.xcconfig; name = "Pods-MpeiApp-MpeiAppTests.release.xcconfig"; path = "Target Support Files/Pods-MpeiApp-MpeiAppTests/Pods-MpeiApp-MpeiAppTests.release.xcconfig"; sourceTree = "<group>"; };
		E0D5EA9F381CBB046CC69471 /* libPods-MpeiApp-MpeiAppTests.a */ = {isa = PBXFileReference; explicitFileType = archive.ar; includeInIndex = 0; path = "libPods-MpeiApp-MpeiAppTests.a"; sourceTree = BUILT_PRODUCTS_DIR; };
		ED297162215061F000B7C4FE /* JavaScriptCore.framework */ = {isa = PBXFileReference; lastKnownFileType = wrapper.framework; name = JavaScriptCore.framework; path = System/Library/Frameworks/JavaScriptCore.framework; sourceTree = SDKROOT; };
/* End PBXFileReference section */

/* Begin PBXFrameworksBuildPhase section */
		00E356EB1AD99517003FC87E /* Frameworks */ = {
			isa = PBXFrameworksBuildPhase;
			buildActionMask = 2147483647;
			files = (
				8514A4CF147F225AB216D24A /* libPods-MpeiApp-MpeiAppTests.a in Frameworks */,
			);
			runOnlyForDeploymentPostprocessing = 0;
		};
		13B07F8C1A680F5B00A75B9A /* Frameworks */ = {
			isa = PBXFrameworksBuildPhase;
			buildActionMask = 2147483647;
			files = (
				7A3EDC2EEDDA3492B7890081 /* libPods-MpeiApp.a in Frameworks */,
			);
			runOnlyForDeploymentPostprocessing = 0;
		};
		49040C422C5D3DFB001822A2 /* Frameworks */ = {
			isa = PBXFrameworksBuildPhase;
			buildActionMask = 2147483647;
			files = (
				49040C472C5D3DFB001822A2 /* SwiftUI.framework in Frameworks */,
				49040C462C5D3DFB001822A2 /* WidgetKit.framework in Frameworks */,
			);
			runOnlyForDeploymentPostprocessing = 0;
		};
/* End PBXFrameworksBuildPhase section */

/* Begin PBXGroup section */
		00E356EF1AD99517003FC87E /* MpeiAppTests */ = {
			isa = PBXGroup;
			children = (
				00E356F21AD99517003FC87E /* MpeiAppTests.m */,
				00E356F01AD99517003FC87E /* Supporting Files */,
			);
			path = MpeiAppTests;
			sourceTree = "<group>";
		};
		00E356F01AD99517003FC87E /* Supporting Files */ = {
			isa = PBXGroup;
			children = (
				00E356F11AD99517003FC87E /* Info.plist */,
			);
			name = "Supporting Files";
			sourceTree = "<group>";
		};
		13B07FAE1A68108700A75B9A /* MpeiApp */ = {
			isa = PBXGroup;
			children = (
				1469CF4C28AEB3F000848D43 /* GoogleService-Info.plist */,
				1469CF4B28AEAC4000848D43 /* MpeiApp.entitlements */,
				14B87964280B0B22000B420C /* AppIcons */,
				13B07FAF1A68108700A75B9A /* AppDelegate.h */,
				13B07FB01A68108700A75B9A /* AppDelegate.mm */,
				13B07FB51A68108700A75B9A /* Images.xcassets */,
				13B07FB61A68108700A75B9A /* Info.plist */,
				81AB9BB72411601600AC10FF /* LaunchScreen.storyboard */,
				13B07FB71A68108700A75B9A /* main.m */,
			);
			name = MpeiApp;
			sourceTree = "<group>";
		};
		147D55CE2896F201002DC120 /* Recovered References */ = {
			isa = PBXGroup;
			children = (
				67EB05771A474A6D994CC9BC /* libRNMailCore.a */,
			);
			name = "Recovered References";
			sourceTree = "<group>";
		};
		14B87964280B0B22000B420C /* AppIcons */ = {
			isa = PBXGroup;
			children = (
				495C9A7D295DCA71004C81A1 /* gold@2x.png */,
				495C9A80295DCA82004C81A1 /* gold@3x.png */,
				495C9A89295DCAB2004C81A1 /* simple@2x.png */,
				495C9A8C295DCABB004C81A1 /* simple@3x.png */,
				495C9A83295DCA96004C81A1 /* matterial@2x.png */,
				495C9A86295DCAA1004C81A1 /* matterial@3x.png */,
				14B87969280B0B8B000B420C /* dragons@2x.png */,
				14B8796A280B0B8B000B420C /* dragons@3x.png */,
				14B87965280B0B6A000B420C /* cool@2x.png */,
				14B87966280B0B6A000B420C /* cool@3x.png */,
			);
			path = AppIcons;
			sourceTree = "<group>";
		};
		2D16E6871FA4F8E400B85C8A /* Frameworks */ = {
			isa = PBXGroup;
			children = (
				147D55DA28971496002DC120 /* libreact-native-mail.a */,
				ED297162215061F000B7C4FE /* JavaScriptCore.framework */,
				4577486093D4F10838A3F71D /* libPods-MpeiApp.a */,
				E0D5EA9F381CBB046CC69471 /* libPods-MpeiApp-MpeiAppTests.a */,
				49040C152C5D0B92001822A2 /* WidgetKit.framework */,
				49040C172C5D0B93001822A2 /* SwiftUI.framework */,
			);
			name = Frameworks;
			sourceTree = "<group>";
		};
		49040C482C5D3DFB001822A2 /* ScheduleWidget */ = {
			isa = PBXGroup;
			children = (
				49040C492C5D3DFB001822A2 /* ScheduleWidgetBundle.swift */,
				49040C4B2C5D3DFC001822A2 /* ScheduleWidget.swift */,
				49040C4D2C5D3DFC001822A2 /* AppIntent.swift */,
				49040C4F2C5D3DFE001822A2 /* Assets.xcassets */,
				49040C512C5D3DFE001822A2 /* Info.plist */,
			);
			path = ScheduleWidget;
			sourceTree = "<group>";
		};
		832341AE1AAA6A7D00B99B32 /* Libraries */ = {
			isa = PBXGroup;
			children = (
			);
			name = Libraries;
			sourceTree = "<group>";
		};
		83CBB9F61A601CBA00E9B192 = {
			isa = PBXGroup;
			children = (
				4951904D2C5EB92200E52D37 /* ScheduleWidgetExtension.entitlements */,
				499B6AA829F07C94005E9A24 /* simple@3x.png */,
				499B6AA629F07C94005E9A24 /* simple@2x.png */,
				499B6AA429F07C94005E9A24 /* matterial@3x.png */,
				499B6AA229F07C94005E9A24 /* matterial@2x.png */,
				499B6AA029F07C94005E9A24 /* gold@3x.png */,
				499B6A9E29F07C94005E9A24 /* gold@2x.png */,
				499B6A9C29F07C93005E9A24 /* Icons */,
				13B07FAE1A68108700A75B9A /* MpeiApp */,
				832341AE1AAA6A7D00B99B32 /* Libraries */,
				00E356EF1AD99517003FC87E /* MpeiAppTests */,
				49040C482C5D3DFB001822A2 /* ScheduleWidget */,
				83CBBA001A601CBA00E9B192 /* Products */,
				2D16E6871FA4F8E400B85C8A /* Frameworks */,
				BBD78D7AC51CEA395F1C20DB /* Pods */,
				ADA6A06612D54B74AB564F67 /* Resources */,
				147D55CE2896F201002DC120 /* Recovered References */,
			);
			indentWidth = 2;
			sourceTree = "<group>";
			tabWidth = 2;
			usesTabs = 0;
		};
		83CBBA001A601CBA00E9B192 /* Products */ = {
			isa = PBXGroup;
			children = (
				13B07F961A680F5B00A75B9A /* MpeiApp.app */,
				00E356EE1AD99517003FC87E /* MpeiAppTests.xctest */,
				49040C452C5D3DFB001822A2 /* ScheduleWidgetExtension.appex */,
			);
			name = Products;
			sourceTree = "<group>";
		};
		ADA6A06612D54B74AB564F67 /* Resources */ = {
			isa = PBXGroup;
			children = (
			);
			name = Resources;
			sourceTree = "<group>";
		};
		BBD78D7AC51CEA395F1C20DB /* Pods */ = {
			isa = PBXGroup;
			children = (
				3B4392A12AC88292D35C810B /* Pods-MpeiApp.debug.xcconfig */,
				5709B34CF0A7D63546082F79 /* Pods-MpeiApp.release.xcconfig */,
				5B7EB9410499542E8C5724F5 /* Pods-MpeiApp-MpeiAppTests.debug.xcconfig */,
				89C6BE57DB24E9ADA2F236DE /* Pods-MpeiApp-MpeiAppTests.release.xcconfig */,
			);
			path = Pods;
			sourceTree = "<group>";
		};
/* End PBXGroup section */

/* Begin PBXNativeTarget section */
		00E356ED1AD99517003FC87E /* MpeiAppTests */ = {
			isa = PBXNativeTarget;
			buildConfigurationList = 00E357021AD99517003FC87E /* Build configuration list for PBXNativeTarget "MpeiAppTests" */;
			buildPhases = (
				A55EABD7B0C7F3A422A6CC61 /* [CP] Check Pods Manifest.lock */,
				00E356EA1AD99517003FC87E /* Sources */,
				00E356EB1AD99517003FC87E /* Frameworks */,
				00E356EC1AD99517003FC87E /* Resources */,
				C59DA0FBD6956966B86A3779 /* [CP] Embed Pods Frameworks */,
				F6A41C54EA430FDDC6A6ED99 /* [CP] Copy Pods Resources */,
			);
			buildRules = (
			);
			dependencies = (
				00E356F51AD99517003FC87E /* PBXTargetDependency */,
			);
			name = MpeiAppTests;
			productName = MpeiAppTests;
			productReference = 00E356EE1AD99517003FC87E /* MpeiAppTests.xctest */;
			productType = "com.apple.product-type.bundle.unit-test";
		};
		13B07F861A680F5B00A75B9A /* MpeiApp */ = {
			isa = PBXNativeTarget;
			buildConfigurationList = 13B07F931A680F5B00A75B9A /* Build configuration list for PBXNativeTarget "MpeiApp" */;
			buildPhases = (
				C38B50BA6285516D6DCD4F65 /* [CP] Check Pods Manifest.lock */,
				FD10A7F022414F080027D42C /* Start Packager */,
				13B07F871A680F5B00A75B9A /* Sources */,
				13B07F8C1A680F5B00A75B9A /* Frameworks */,
				13B07F8E1A680F5B00A75B9A /* Resources */,
				00DD1BFF1BD5951E006B06BC /* Bundle React Native code and images */,
				00EEFC60759A1932668264C0 /* [CP] Embed Pods Frameworks */,
				E235C05ADACE081382539298 /* [CP] Copy Pods Resources */,
				49040C2B2C5D0B95001822A2 /* Embed Foundation Extensions */,
			);
			buildRules = (
			);
			dependencies = (
				49040C532C5D3DFE001822A2 /* PBXTargetDependency */,
			);
			name = MpeiApp;
			productName = MpeiApp;
			productReference = 13B07F961A680F5B00A75B9A /* MpeiApp.app */;
			productType = "com.apple.product-type.application";
		};
		49040C442C5D3DFB001822A2 /* ScheduleWidgetExtension */ = {
			isa = PBXNativeTarget;
			buildConfigurationList = 49040C552C5D3DFE001822A2 /* Build configuration list for PBXNativeTarget "ScheduleWidgetExtension" */;
			buildPhases = (
				49040C412C5D3DFB001822A2 /* Sources */,
				49040C422C5D3DFB001822A2 /* Frameworks */,
				49040C432C5D3DFB001822A2 /* Resources */,
			);
			buildRules = (
			);
			dependencies = (
			);
			name = ScheduleWidgetExtension;
			productName = ScheduleWidgetExtension;
			productReference = 49040C452C5D3DFB001822A2 /* ScheduleWidgetExtension.appex */;
			productType = "com.apple.product-type.app-extension";
		};
/* End PBXNativeTarget section */

/* Begin PBXProject section */
		83CBB9F71A601CBA00E9B192 /* Project object */ = {
			isa = PBXProject;
			attributes = {
				LastSwiftUpdateCheck = 1540;
				LastUpgradeCheck = 1340;
				TargetAttributes = {
					00E356ED1AD99517003FC87E = {
						CreatedOnToolsVersion = 6.2;
						TestTargetID = 13B07F861A680F5B00A75B9A;
					};
					13B07F861A680F5B00A75B9A = {
						LastSwiftMigration = 1120;
					};
					49040C442C5D3DFB001822A2 = {
						CreatedOnToolsVersion = 15.4;
					};
				};
			};
			buildConfigurationList = 83CBB9FA1A601CBA00E9B192 /* Build configuration list for PBXProject "MpeiApp" */;
			compatibilityVersion = "Xcode 12.0";
			developmentRegion = en;
			hasScannedForEncodings = 0;
			knownRegions = (
				en,
				Base,
			);
			mainGroup = 83CBB9F61A601CBA00E9B192;
			productRefGroup = 83CBBA001A601CBA00E9B192 /* Products */;
			projectDirPath = "";
			projectRoot = "";
			targets = (
				13B07F861A680F5B00A75B9A /* MpeiApp */,
				00E356ED1AD99517003FC87E /* MpeiAppTests */,
				49040C442C5D3DFB001822A2 /* ScheduleWidgetExtension */,
			);
		};
/* End PBXProject section */

/* Begin PBXResourcesBuildPhase section */
		00E356EC1AD99517003FC87E /* Resources */ = {
			isa = PBXResourcesBuildPhase;
			buildActionMask = 2147483647;
			files = (
				495C9A85295DCA96004C81A1 /* matterial@2x.png in Resources */,
				495C9A8E295DCABB004C81A1 /* simple@3x.png in Resources */,
				495C9A88295DCAA1004C81A1 /* matterial@3x.png in Resources */,
				495C9A7F295DCA71004C81A1 /* gold@2x.png in Resources */,
				495C9A8B295DCAB2004C81A1 /* simple@2x.png in Resources */,
				495C9A82295DCA82004C81A1 /* gold@3x.png in Resources */,
			);
			runOnlyForDeploymentPostprocessing = 0;
		};
		13B07F8E1A680F5B00A75B9A /* Resources */ = {
			isa = PBXResourcesBuildPhase;
			buildActionMask = 2147483647;
			files = (
				499B6AA929F07C94005E9A24 /* simple@3x.png in Resources */,
				499B6AA729F07C94005E9A24 /* simple@2x.png in Resources */,
				499B6AA529F07C94005E9A24 /* matterial@3x.png in Resources */,
				499B6AA329F07C94005E9A24 /* matterial@2x.png in Resources */,
				499B6AA129F07C94005E9A24 /* gold@3x.png in Resources */,
				499B6A9F29F07C94005E9A24 /* gold@2x.png in Resources */,
				14B87967280B0B6A000B420C /* cool@2x.png in Resources */,
				81AB9BB82411601600AC10FF /* LaunchScreen.storyboard in Resources */,
				14B8796C280B0B8B000B420C /* dragons@3x.png in Resources */,
				14B87968280B0B6A000B420C /* cool@3x.png in Resources */,
				13B07FBF1A68108700A75B9A /* Images.xcassets in Resources */,
				14B8796B280B0B8B000B420C /* dragons@2x.png in Resources */,
				1469CF4D28AEB3F100848D43 /* GoogleService-Info.plist in Resources */,
			);
			runOnlyForDeploymentPostprocessing = 0;
		};
		49040C432C5D3DFB001822A2 /* Resources */ = {
			isa = PBXResourcesBuildPhase;
			buildActionMask = 2147483647;
			files = (
				49040C502C5D3DFE001822A2 /* Assets.xcassets in Resources */,
			);
			runOnlyForDeploymentPostprocessing = 0;
		};
/* End PBXResourcesBuildPhase section */

/* Begin PBXShellScriptBuildPhase section */
		00DD1BFF1BD5951E006B06BC /* Bundle React Native code and images */ = {
			isa = PBXShellScriptBuildPhase;
			buildActionMask = 2147483647;
			files = (
			);
			inputPaths = (
			);
			name = "Bundle React Native code and images";
			outputPaths = (
			);
			runOnlyForDeploymentPostprocessing = 0;
			shellPath = /bin/sh;
			shellScript = "set -e\n\nexport NODE_BINARY=node\n../node_modules/react-native/scripts/react-native-xcode.sh\n";
		};
		00EEFC60759A1932668264C0 /* [CP] Embed Pods Frameworks */ = {
			isa = PBXShellScriptBuildPhase;
			buildActionMask = 2147483647;
			files = (
			);
			inputFileListPaths = (
				"${PODS_ROOT}/Target Support Files/Pods-MpeiApp/Pods-MpeiApp-frameworks-${CONFIGURATION}-input-files.xcfilelist",
			);
			name = "[CP] Embed Pods Frameworks";
			outputFileListPaths = (
				"${PODS_ROOT}/Target Support Files/Pods-MpeiApp/Pods-MpeiApp-frameworks-${CONFIGURATION}-output-files.xcfilelist",
			);
			runOnlyForDeploymentPostprocessing = 0;
			shellPath = /bin/sh;
			shellScript = "\"${PODS_ROOT}/Target Support Files/Pods-MpeiApp/Pods-MpeiApp-frameworks.sh\"\n";
			showEnvVarsInLog = 0;
		};
		A55EABD7B0C7F3A422A6CC61 /* [CP] Check Pods Manifest.lock */ = {
			isa = PBXShellScriptBuildPhase;
			buildActionMask = 2147483647;
			files = (
			);
			inputFileListPaths = (
			);
			inputPaths = (
				"${PODS_PODFILE_DIR_PATH}/Podfile.lock",
				"${PODS_ROOT}/Manifest.lock",
			);
			name = "[CP] Check Pods Manifest.lock";
			outputFileListPaths = (
			);
			outputPaths = (
				"$(DERIVED_FILE_DIR)/Pods-MpeiApp-MpeiAppTests-checkManifestLockResult.txt",
			);
			runOnlyForDeploymentPostprocessing = 0;
			shellPath = /bin/sh;
			shellScript = "diff \"${PODS_PODFILE_DIR_PATH}/Podfile.lock\" \"${PODS_ROOT}/Manifest.lock\" > /dev/null\nif [ $? != 0 ] ; then\n    # print error to STDERR\n    echo \"error: The sandbox is not in sync with the Podfile.lock. Run 'pod install' or update your CocoaPods installation.\" >&2\n    exit 1\nfi\n# This output is used by Xcode 'outputs' to avoid re-running this script phase.\necho \"SUCCESS\" > \"${SCRIPT_OUTPUT_FILE_0}\"\n";
			showEnvVarsInLog = 0;
		};
		C38B50BA6285516D6DCD4F65 /* [CP] Check Pods Manifest.lock */ = {
			isa = PBXShellScriptBuildPhase;
			buildActionMask = 2147483647;
			files = (
			);
			inputFileListPaths = (
			);
			inputPaths = (
				"${PODS_PODFILE_DIR_PATH}/Podfile.lock",
				"${PODS_ROOT}/Manifest.lock",
			);
			name = "[CP] Check Pods Manifest.lock";
			outputFileListPaths = (
			);
			outputPaths = (
				"$(DERIVED_FILE_DIR)/Pods-MpeiApp-checkManifestLockResult.txt",
			);
			runOnlyForDeploymentPostprocessing = 0;
			shellPath = /bin/sh;
			shellScript = "diff \"${PODS_PODFILE_DIR_PATH}/Podfile.lock\" \"${PODS_ROOT}/Manifest.lock\" > /dev/null\nif [ $? != 0 ] ; then\n    # print error to STDERR\n    echo \"error: The sandbox is not in sync with the Podfile.lock. Run 'pod install' or update your CocoaPods installation.\" >&2\n    exit 1\nfi\n# This output is used by Xcode 'outputs' to avoid re-running this script phase.\necho \"SUCCESS\" > \"${SCRIPT_OUTPUT_FILE_0}\"\n";
			showEnvVarsInLog = 0;
		};
		C59DA0FBD6956966B86A3779 /* [CP] Embed Pods Frameworks */ = {
			isa = PBXShellScriptBuildPhase;
			buildActionMask = 2147483647;
			files = (
			);
			inputFileListPaths = (
				"${PODS_ROOT}/Target Support Files/Pods-MpeiApp-MpeiAppTests/Pods-MpeiApp-MpeiAppTests-frameworks-${CONFIGURATION}-input-files.xcfilelist",
			);
			name = "[CP] Embed Pods Frameworks";
			outputFileListPaths = (
				"${PODS_ROOT}/Target Support Files/Pods-MpeiApp-MpeiAppTests/Pods-MpeiApp-MpeiAppTests-frameworks-${CONFIGURATION}-output-files.xcfilelist",
			);
			runOnlyForDeploymentPostprocessing = 0;
			shellPath = /bin/sh;
			shellScript = "\"${PODS_ROOT}/Target Support Files/Pods-MpeiApp-MpeiAppTests/Pods-MpeiApp-MpeiAppTests-frameworks.sh\"\n";
			showEnvVarsInLog = 0;
		};
		E235C05ADACE081382539298 /* [CP] Copy Pods Resources */ = {
			isa = PBXShellScriptBuildPhase;
			buildActionMask = 2147483647;
			files = (
			);
			inputFileListPaths = (
				"${PODS_ROOT}/Target Support Files/Pods-MpeiApp/Pods-MpeiApp-resources-${CONFIGURATION}-input-files.xcfilelist",
			);
			name = "[CP] Copy Pods Resources";
			outputFileListPaths = (
				"${PODS_ROOT}/Target Support Files/Pods-MpeiApp/Pods-MpeiApp-resources-${CONFIGURATION}-output-files.xcfilelist",
			);
			runOnlyForDeploymentPostprocessing = 0;
			shellPath = /bin/sh;
			shellScript = "\"${PODS_ROOT}/Target Support Files/Pods-MpeiApp/Pods-MpeiApp-resources.sh\"\n";
			showEnvVarsInLog = 0;
		};
		F6A41C54EA430FDDC6A6ED99 /* [CP] Copy Pods Resources */ = {
			isa = PBXShellScriptBuildPhase;
			buildActionMask = 2147483647;
			files = (
			);
			inputFileListPaths = (
				"${PODS_ROOT}/Target Support Files/Pods-MpeiApp-MpeiAppTests/Pods-MpeiApp-MpeiAppTests-resources-${CONFIGURATION}-input-files.xcfilelist",
			);
			name = "[CP] Copy Pods Resources";
			outputFileListPaths = (
				"${PODS_ROOT}/Target Support Files/Pods-MpeiApp-MpeiAppTests/Pods-MpeiApp-MpeiAppTests-resources-${CONFIGURATION}-output-files.xcfilelist",
			);
			runOnlyForDeploymentPostprocessing = 0;
			shellPath = /bin/sh;
			shellScript = "\"${PODS_ROOT}/Target Support Files/Pods-MpeiApp-MpeiAppTests/Pods-MpeiApp-MpeiAppTests-resources.sh\"\n";
			showEnvVarsInLog = 0;
		};
		FD10A7F022414F080027D42C /* Start Packager */ = {
			isa = PBXShellScriptBuildPhase;
			buildActionMask = 2147483647;
			files = (
			);
			inputFileListPaths = (
			);
			inputPaths = (
			);
			name = "Start Packager";
			outputFileListPaths = (
			);
			outputPaths = (
			);
			runOnlyForDeploymentPostprocessing = 0;
			shellPath = /bin/sh;
			shellScript = "export RCT_METRO_PORT=\"${RCT_METRO_PORT:=8081}\"\necho \"export RCT_METRO_PORT=${RCT_METRO_PORT}\" > \"${SRCROOT}/../node_modules/react-native/scripts/.packager.env\"\nif [ -z \"${RCT_NO_LAUNCH_PACKAGER+xxx}\" ] ; then\n  if nc -w 5 -z localhost ${RCT_METRO_PORT} ; then\n    if ! curl -s \"http://localhost:${RCT_METRO_PORT}/status\" | grep -q \"packager-status:running\" ; then\n      echo \"Port ${RCT_METRO_PORT} already in use, packager is either not running or not running correctly\"\n      exit 2\n    fi\n  else\n    open \"$SRCROOT/../node_modules/react-native/scripts/launchPackager.command\" || echo \"Can't start packager automatically\"\n  fi\nfi\n";
			showEnvVarsInLog = 0;
		};
/* End PBXShellScriptBuildPhase section */

/* Begin PBXSourcesBuildPhase section */
		00E356EA1AD99517003FC87E /* Sources */ = {
			isa = PBXSourcesBuildPhase;
			buildActionMask = 2147483647;
			files = (
				00E356F31AD99517003FC87E /* MpeiAppTests.m in Sources */,
			);
			runOnlyForDeploymentPostprocessing = 0;
		};
		13B07F871A680F5B00A75B9A /* Sources */ = {
			isa = PBXSourcesBuildPhase;
			buildActionMask = 2147483647;
			files = (
				13B07FBC1A68108700A75B9A /* AppDelegate.mm in Sources */,
				13B07FC11A68108700A75B9A /* main.m in Sources */,
			);
			runOnlyForDeploymentPostprocessing = 0;
		};
		49040C412C5D3DFB001822A2 /* Sources */ = {
			isa = PBXSourcesBuildPhase;
			buildActionMask = 2147483647;
			files = (
				49040C4C2C5D3DFC001822A2 /* ScheduleWidget.swift in Sources */,
				49040C4A2C5D3DFB001822A2 /* ScheduleWidgetBundle.swift in Sources */,
				49040C4E2C5D3DFC001822A2 /* AppIntent.swift in Sources */,
			);
			runOnlyForDeploymentPostprocessing = 0;
		};
/* End PBXSourcesBuildPhase section */

/* Begin PBXTargetDependency section */
		00E356F51AD99517003FC87E /* PBXTargetDependency */ = {
			isa = PBXTargetDependency;
			target = 13B07F861A680F5B00A75B9A /* MpeiApp */;
			targetProxy = 00E356F41AD99517003FC87E /* PBXContainerItemProxy */;
		};
		49040C532C5D3DFE001822A2 /* PBXTargetDependency */ = {
			isa = PBXTargetDependency;
			target = 49040C442C5D3DFB001822A2 /* ScheduleWidgetExtension */;
			targetProxy = 49040C522C5D3DFE001822A2 /* PBXContainerItemProxy */;
		};
/* End PBXTargetDependency section */

/* Begin XCBuildConfiguration section */
		00E356F61AD99517003FC87E /* Debug */ = {
			isa = XCBuildConfiguration;
			baseConfigurationReference = 5B7EB9410499542E8C5724F5 /* Pods-MpeiApp-MpeiAppTests.debug.xcconfig */;
			buildSettings = {
				ALWAYS_EMBED_SWIFT_STANDARD_LIBRARIES = YES;
				BUNDLE_LOADER = "$(TEST_HOST)";
				GCC_PREPROCESSOR_DEFINITIONS = (
					"DEBUG=1",
					"$(inherited)",
				);
				HEADER_SEARCH_PATHS = (
					"$(inherited)",
					"$(SRCROOT)/../node_modules/react-native-mailcore/ios",
				);
				INFOPLIST_FILE = MpeiAppTests/Info.plist;
				IPHONEOS_DEPLOYMENT_TARGET = 13.0;
				LD_RUNPATH_SEARCH_PATHS = (
					"$(inherited)",
					"@executable_path/Frameworks",
					"@loader_path/Frameworks",
				);
				LIBRARY_SEARCH_PATHS = (
					"$(inherited)",
					"\"$(SRCROOT)/$(TARGET_NAME)\"",
				);
				OTHER_LDFLAGS = (
					"-ObjC",
					"-lc++",
					"$(inherited)",
				);
				PRODUCT_BUNDLE_IDENTIFIER = "org.reactjs.native.example.$(PRODUCT_NAME:rfc1034identifier)";
				PRODUCT_NAME = "$(TARGET_NAME)";
				TEST_HOST = "$(BUILT_PRODUCTS_DIR)/MpeiApp.app/MpeiApp";
			};
			name = Debug;
		};
		00E356F71AD99517003FC87E /* Release */ = {
			isa = XCBuildConfiguration;
			baseConfigurationReference = 89C6BE57DB24E9ADA2F236DE /* Pods-MpeiApp-MpeiAppTests.release.xcconfig */;
			buildSettings = {
				ALWAYS_EMBED_SWIFT_STANDARD_LIBRARIES = YES;
				BUNDLE_LOADER = "$(TEST_HOST)";
				COPY_PHASE_STRIP = NO;
				HEADER_SEARCH_PATHS = (
					"$(inherited)",
					"$(SRCROOT)/../node_modules/react-native-mailcore/ios",
				);
				INFOPLIST_FILE = MpeiAppTests/Info.plist;
				IPHONEOS_DEPLOYMENT_TARGET = 13.0;
				LD_RUNPATH_SEARCH_PATHS = (
					"$(inherited)",
					"@executable_path/Frameworks",
					"@loader_path/Frameworks",
				);
				LIBRARY_SEARCH_PATHS = (
					"$(inherited)",
					"\"$(SRCROOT)/$(TARGET_NAME)\"",
				);
				OTHER_LDFLAGS = (
					"-ObjC",
					"-lc++",
					"$(inherited)",
				);
				PRODUCT_BUNDLE_IDENTIFIER = "org.reactjs.native.example.$(PRODUCT_NAME:rfc1034identifier)";
				PRODUCT_NAME = "$(TARGET_NAME)";
				TEST_HOST = "$(BUILT_PRODUCTS_DIR)/MpeiApp.app/MpeiApp";
			};
			name = Release;
		};
		13B07F941A680F5B00A75B9A /* Debug */ = {
			isa = XCBuildConfiguration;
			baseConfigurationReference = 3B4392A12AC88292D35C810B /* Pods-MpeiApp.debug.xcconfig */;
			buildSettings = {
				ALWAYS_EMBED_SWIFT_STANDARD_LIBRARIES = YES;
				ASSETCATALOG_COMPILER_APPICON_NAME = AppIcon;
				ASSETCATALOG_COMPILER_INCLUDE_ALL_APPICON_ASSETS = YES;
				CLANG_ENABLE_MODULES = YES;
				CODE_SIGN_ENTITLEMENTS = MpeiApp/MpeiApp.entitlements;
				CURRENT_PROJECT_VERSION = 5;
				DEVELOPMENT_TEAM = 58KV3BTJAZ;
				ENABLE_BITCODE = NO;
				ENABLE_USER_SCRIPT_SANDBOXING = NO;
				HEADER_SEARCH_PATHS = (
					"$(inherited)",
					"$(SRCROOT)/../node_modules/react-native-mailcore/ios",
				);
				INFOPLIST_FILE = MpeiApp/Info.plist;
				INFOPLIST_KEY_LSApplicationCategoryType = "public.app-category.education";
				LD_RUNPATH_SEARCH_PATHS = (
					"$(inherited)",
					"@executable_path/Frameworks",
				);
				MARKETING_VERSION = 1.3.0;
				OTHER_LDFLAGS = (
					"$(inherited)",
					"-ObjC",
					"-lc++",
				);
				PRODUCT_BUNDLE_IDENTIFIER = ru.NoobDragons.MpeiApp;
				PRODUCT_NAME = MpeiApp;
				SWIFT_OPTIMIZATION_LEVEL = "-Onone";
				SWIFT_VERSION = 5.0;
				TARGETED_DEVICE_FAMILY = 1;
				USER_HEADER_SEARCH_PATHS = "\"${PROJECT_DIR}/Pods\"/**";
				VERSIONING_SYSTEM = "apple-generic";
			};
			name = Debug;
		};
		13B07F951A680F5B00A75B9A /* Release */ = {
			isa = XCBuildConfiguration;
			baseConfigurationReference = 5709B34CF0A7D63546082F79 /* Pods-MpeiApp.release.xcconfig */;
			buildSettings = {
				ALWAYS_EMBED_SWIFT_STANDARD_LIBRARIES = YES;
				ASSETCATALOG_COMPILER_APPICON_NAME = AppIcon;
				ASSETCATALOG_COMPILER_INCLUDE_ALL_APPICON_ASSETS = YES;
				CLANG_ENABLE_MODULES = YES;
				CODE_SIGN_ENTITLEMENTS = MpeiApp/MpeiApp.entitlements;
				CURRENT_PROJECT_VERSION = 5;
				DEVELOPMENT_TEAM = 58KV3BTJAZ;
				ENABLE_USER_SCRIPT_SANDBOXING = NO;
				HEADER_SEARCH_PATHS = (
					"$(inherited)",
					"$(SRCROOT)/../node_modules/react-native-mailcore/ios",
				);
				INFOPLIST_FILE = MpeiApp/Info.plist;
				INFOPLIST_KEY_LSApplicationCategoryType = "public.app-category.education";
				LD_RUNPATH_SEARCH_PATHS = (
					"$(inherited)",
					"@executable_path/Frameworks",
				);
				MARKETING_VERSION = 1.3.0;
				ONLY_ACTIVE_ARCH = YES;
				OTHER_LDFLAGS = (
					"$(inherited)",
					"-ObjC",
					"-lc++",
				);
				PRODUCT_BUNDLE_IDENTIFIER = ru.NoobDragons.MpeiApp;
				PRODUCT_NAME = MpeiApp;
				SWIFT_VERSION = 5.0;
				TARGETED_DEVICE_FAMILY = 1;
				USER_HEADER_SEARCH_PATHS = "\"${PROJECT_DIR}/Pods\"/**";
				VERSIONING_SYSTEM = "apple-generic";
			};
			name = Release;
		};
		49040C562C5D3DFE001822A2 /* Debug */ = {
			isa = XCBuildConfiguration;
			buildSettings = {
				ASSETCATALOG_COMPILER_GENERATE_SWIFT_ASSET_SYMBOL_EXTENSIONS = YES;
				ASSETCATALOG_COMPILER_GLOBAL_ACCENT_COLOR_NAME = AccentColor;
				ASSETCATALOG_COMPILER_WIDGET_BACKGROUND_COLOR_NAME = WidgetBackground;
				CLANG_ANALYZER_NONNULL = YES;
				CLANG_ANALYZER_NUMBER_OBJECT_CONVERSION = YES_AGGRESSIVE;
				CLANG_CXX_LANGUAGE_STANDARD = "gnu++20";
				CLANG_ENABLE_OBJC_WEAK = YES;
				CLANG_WARN_DOCUMENTATION_COMMENTS = YES;
				CLANG_WARN_UNGUARDED_AVAILABILITY = YES_AGGRESSIVE;
				CODE_SIGN_ENTITLEMENTS = ScheduleWidgetExtension.entitlements;
				CODE_SIGN_STYLE = Automatic;
				CURRENT_PROJECT_VERSION = 1;
				DEBUG_INFORMATION_FORMAT = dwarf;
				DEVELOPMENT_TEAM = 58KV3BTJAZ;
				GCC_C_LANGUAGE_STANDARD = gnu17;
				GENERATE_INFOPLIST_FILE = YES;
				INFOPLIST_FILE = ScheduleWidget/Info.plist;
				INFOPLIST_KEY_CFBundleDisplayName = ScheduleWidget;
				INFOPLIST_KEY_NSHumanReadableCopyright = "";
				IPHONEOS_DEPLOYMENT_TARGET = 14.0;
				LD_RUNPATH_SEARCH_PATHS = (
					"$(inherited)",
					"@executable_path/Frameworks",
					"@executable_path/../../Frameworks",
				);
				LOCALIZATION_PREFERS_STRING_CATALOGS = YES;
				MARKETING_VERSION = 1.0;
				MTL_ENABLE_DEBUG_INFO = INCLUDE_SOURCE;
				MTL_FAST_MATH = YES;
				PRODUCT_BUNDLE_IDENTIFIER = ru.NoobDragons.MpeiApp.ScheduleWidget;
				PRODUCT_NAME = "$(TARGET_NAME)";
				SKIP_INSTALL = YES;
				SWIFT_ACTIVE_COMPILATION_CONDITIONS = "DEBUG $(inherited)";
				SWIFT_EMIT_LOC_STRINGS = YES;
				SWIFT_OPTIMIZATION_LEVEL = "-Onone";
				SWIFT_VERSION = 5.0;
				TARGETED_DEVICE_FAMILY = "1,2";
			};
			name = Debug;
		};
		49040C572C5D3DFE001822A2 /* Release */ = {
			isa = XCBuildConfiguration;
			buildSettings = {
				ASSETCATALOG_COMPILER_GENERATE_SWIFT_ASSET_SYMBOL_EXTENSIONS = YES;
				ASSETCATALOG_COMPILER_GLOBAL_ACCENT_COLOR_NAME = AccentColor;
				ASSETCATALOG_COMPILER_WIDGET_BACKGROUND_COLOR_NAME = WidgetBackground;
				CLANG_ANALYZER_NONNULL = YES;
				CLANG_ANALYZER_NUMBER_OBJECT_CONVERSION = YES_AGGRESSIVE;
				CLANG_CXX_LANGUAGE_STANDARD = "gnu++20";
				CLANG_ENABLE_OBJC_WEAK = YES;
				CLANG_WARN_DOCUMENTATION_COMMENTS = YES;
				CLANG_WARN_UNGUARDED_AVAILABILITY = YES_AGGRESSIVE;
				CODE_SIGN_ENTITLEMENTS = ScheduleWidgetExtension.entitlements;
				CODE_SIGN_STYLE = Automatic;
				COPY_PHASE_STRIP = NO;
				CURRENT_PROJECT_VERSION = 1;
				DEBUG_INFORMATION_FORMAT = "dwarf-with-dsym";
				DEVELOPMENT_TEAM = 58KV3BTJAZ;
				GCC_C_LANGUAGE_STANDARD = gnu17;
				GENERATE_INFOPLIST_FILE = YES;
				INFOPLIST_FILE = ScheduleWidget/Info.plist;
				INFOPLIST_KEY_CFBundleDisplayName = ScheduleWidget;
				INFOPLIST_KEY_NSHumanReadableCopyright = "";
				IPHONEOS_DEPLOYMENT_TARGET = 14.0;
				LD_RUNPATH_SEARCH_PATHS = (
					"$(inherited)",
					"@executable_path/Frameworks",
					"@executable_path/../../Frameworks",
				);
				LOCALIZATION_PREFERS_STRING_CATALOGS = YES;
				MARKETING_VERSION = 1.0;
				MTL_FAST_MATH = YES;
				PRODUCT_BUNDLE_IDENTIFIER = ru.NoobDragons.MpeiApp.ScheduleWidget;
				PRODUCT_NAME = "$(TARGET_NAME)";
				SKIP_INSTALL = YES;
				SWIFT_COMPILATION_MODE = wholemodule;
				SWIFT_EMIT_LOC_STRINGS = YES;
				SWIFT_VERSION = 5.0;
				TARGETED_DEVICE_FAMILY = "1,2";
			};
			name = Release;
		};
		83CBBA201A601CBA00E9B192 /* Debug */ = {
			isa = XCBuildConfiguration;
			buildSettings = {
				ALWAYS_SEARCH_USER_PATHS = NO;
				CLANG_ANALYZER_LOCALIZABILITY_NONLOCALIZED = YES;
				CLANG_CXX_LANGUAGE_STANDARD = "c++17";
				CLANG_CXX_LIBRARY = "libc++";
				CLANG_ENABLE_MODULES = YES;
				CLANG_ENABLE_OBJC_ARC = YES;
				CLANG_WARN_BLOCK_CAPTURE_AUTORELEASING = YES;
				CLANG_WARN_BOOL_CONVERSION = YES;
				CLANG_WARN_COMMA = YES;
				CLANG_WARN_CONSTANT_CONVERSION = YES;
				CLANG_WARN_DEPRECATED_OBJC_IMPLEMENTATIONS = YES;
				CLANG_WARN_DIRECT_OBJC_ISA_USAGE = YES_ERROR;
				CLANG_WARN_EMPTY_BODY = YES;
				CLANG_WARN_ENUM_CONVERSION = YES;
				CLANG_WARN_INFINITE_RECURSION = YES;
				CLANG_WARN_INT_CONVERSION = YES;
				CLANG_WARN_NON_LITERAL_NULL_CONVERSION = YES;
				CLANG_WARN_OBJC_IMPLICIT_RETAIN_SELF = YES;
				CLANG_WARN_OBJC_LITERAL_CONVERSION = YES;
				CLANG_WARN_OBJC_ROOT_CLASS = YES_ERROR;
				CLANG_WARN_QUOTED_INCLUDE_IN_FRAMEWORK_HEADER = YES;
				CLANG_WARN_RANGE_LOOP_ANALYSIS = YES;
				CLANG_WARN_STRICT_PROTOTYPES = YES;
				CLANG_WARN_SUSPICIOUS_MOVE = YES;
				CLANG_WARN_UNREACHABLE_CODE = YES;
				CLANG_WARN__DUPLICATE_METHOD_MATCH = YES;
				"CODE_SIGN_IDENTITY[sdk=iphoneos*]" = "iPhone Developer";
				COPY_PHASE_STRIP = NO;
				ENABLE_STRICT_OBJC_MSGSEND = YES;
				ENABLE_TESTABILITY = YES;
				ENABLE_USER_SCRIPT_SANDBOXING = YES;
				"EXCLUDED_ARCHS[sdk=iphonesimulator*]" = i386;
				GCC_C_LANGUAGE_STANDARD = gnu99;
				GCC_DYNAMIC_NO_PIC = NO;
				GCC_NO_COMMON_BLOCKS = YES;
				GCC_OPTIMIZATION_LEVEL = 0;
				GCC_PREPROCESSOR_DEFINITIONS = (
					"DEBUG=1",
					"$(inherited)",
				);
				GCC_SYMBOLS_PRIVATE_EXTERN = NO;
				GCC_WARN_64_TO_32_BIT_CONVERSION = YES;
				GCC_WARN_ABOUT_RETURN_TYPE = YES_ERROR;
				GCC_WARN_UNDECLARED_SELECTOR = YES;
				GCC_WARN_UNINITIALIZED_AUTOS = YES_AGGRESSIVE;
				GCC_WARN_UNUSED_FUNCTION = YES;
				GCC_WARN_UNUSED_VARIABLE = YES;
				IPHONEOS_DEPLOYMENT_TARGET = 13.0;
				LD_RUNPATH_SEARCH_PATHS = (
					/usr/lib/swift,
					"$(inherited)",
				);
				LIBRARY_SEARCH_PATHS = (
					"\"$(SDKROOT)/usr/lib/swift\"",
					"\"$(TOOLCHAIN_DIR)/usr/lib/swift/$(PLATFORM_NAME)\"",
					"\"$(inherited)\"",
				);
				MTL_ENABLE_DEBUG_INFO = YES;
				ONLY_ACTIVE_ARCH = YES;
				OTHER_CPLUSPLUSFLAGS = (
					"$(OTHER_CFLAGS)",
					"-DFOLLY_NO_CONFIG",
					"-DFOLLY_MOBILE=1",
					"-DFOLLY_USE_LIBCPP=1",
				);
				SDKROOT = iphoneos;
			};
			name = Debug;
		};
		83CBBA211A601CBA00E9B192 /* Release */ = {
			isa = XCBuildConfiguration;
			buildSettings = {
				ALWAYS_SEARCH_USER_PATHS = NO;
				CLANG_ANALYZER_LOCALIZABILITY_NONLOCALIZED = YES;
				CLANG_CXX_LANGUAGE_STANDARD = "c++17";
				CLANG_CXX_LIBRARY = "libc++";
				CLANG_ENABLE_MODULES = YES;
				CLANG_ENABLE_OBJC_ARC = YES;
				CLANG_WARN_BLOCK_CAPTURE_AUTORELEASING = YES;
				CLANG_WARN_BOOL_CONVERSION = YES;
				CLANG_WARN_COMMA = YES;
				CLANG_WARN_CONSTANT_CONVERSION = YES;
				CLANG_WARN_DEPRECATED_OBJC_IMPLEMENTATIONS = YES;
				CLANG_WARN_DIRECT_OBJC_ISA_USAGE = YES_ERROR;
				CLANG_WARN_EMPTY_BODY = YES;
				CLANG_WARN_ENUM_CONVERSION = YES;
				CLANG_WARN_INFINITE_RECURSION = YES;
				CLANG_WARN_INT_CONVERSION = YES;
				CLANG_WARN_NON_LITERAL_NULL_CONVERSION = YES;
				CLANG_WARN_OBJC_IMPLICIT_RETAIN_SELF = YES;
				CLANG_WARN_OBJC_LITERAL_CONVERSION = YES;
				CLANG_WARN_OBJC_ROOT_CLASS = YES_ERROR;
				CLANG_WARN_QUOTED_INCLUDE_IN_FRAMEWORK_HEADER = YES;
				CLANG_WARN_RANGE_LOOP_ANALYSIS = YES;
				CLANG_WARN_STRICT_PROTOTYPES = YES;
				CLANG_WARN_SUSPICIOUS_MOVE = YES;
				CLANG_WARN_UNREACHABLE_CODE = YES;
				CLANG_WARN__DUPLICATE_METHOD_MATCH = YES;
				"CODE_SIGN_IDENTITY[sdk=iphoneos*]" = "iPhone Developer";
				COPY_PHASE_STRIP = YES;
				ENABLE_NS_ASSERTIONS = NO;
				ENABLE_STRICT_OBJC_MSGSEND = YES;
				ENABLE_USER_SCRIPT_SANDBOXING = YES;
				"EXCLUDED_ARCHS[sdk=iphonesimulator*]" = i386;
				GCC_C_LANGUAGE_STANDARD = gnu99;
				GCC_NO_COMMON_BLOCKS = YES;
				GCC_WARN_64_TO_32_BIT_CONVERSION = YES;
				GCC_WARN_ABOUT_RETURN_TYPE = YES_ERROR;
				GCC_WARN_UNDECLARED_SELECTOR = YES;
				GCC_WARN_UNINITIALIZED_AUTOS = YES_AGGRESSIVE;
				GCC_WARN_UNUSED_FUNCTION = YES;
				GCC_WARN_UNUSED_VARIABLE = YES;
				IPHONEOS_DEPLOYMENT_TARGET = 13.0;
				LD_RUNPATH_SEARCH_PATHS = (
					/usr/lib/swift,
					"$(inherited)",
				);
				LIBRARY_SEARCH_PATHS = (
					"\"$(SDKROOT)/usr/lib/swift\"",
					"\"$(TOOLCHAIN_DIR)/usr/lib/swift/$(PLATFORM_NAME)\"",
					"\"$(inherited)\"",
				);
				MTL_ENABLE_DEBUG_INFO = NO;
				OTHER_CPLUSPLUSFLAGS = (
					"$(OTHER_CFLAGS)",
					"-DFOLLY_NO_CONFIG",
					"-DFOLLY_MOBILE=1",
					"-DFOLLY_USE_LIBCPP=1",
				);
				SDKROOT = iphoneos;
				VALIDATE_PRODUCT = YES;
			};
			name = Release;
		};
/* End XCBuildConfiguration section */

/* Begin XCConfigurationList section */
		00E357021AD99517003FC87E /* Build configuration list for PBXNativeTarget "MpeiAppTests" */ = {
			isa = XCConfigurationList;
			buildConfigurations = (
				00E356F61AD99517003FC87E /* Debug */,
				00E356F71AD99517003FC87E /* Release */,
			);
			defaultConfigurationIsVisible = 0;
			defaultConfigurationName = Release;
		};
		13B07F931A680F5B00A75B9A /* Build configuration list for PBXNativeTarget "MpeiApp" */ = {
			isa = XCConfigurationList;
			buildConfigurations = (
				13B07F941A680F5B00A75B9A /* Debug */,
				13B07F951A680F5B00A75B9A /* Release */,
			);
			defaultConfigurationIsVisible = 0;
			defaultConfigurationName = Release;
		};
		49040C552C5D3DFE001822A2 /* Build configuration list for PBXNativeTarget "ScheduleWidgetExtension" */ = {
			isa = XCConfigurationList;
			buildConfigurations = (
				49040C562C5D3DFE001822A2 /* Debug */,
				49040C572C5D3DFE001822A2 /* Release */,
			);
			defaultConfigurationIsVisible = 0;
			defaultConfigurationName = Release;
		};
		83CBB9FA1A601CBA00E9B192 /* Build configuration list for PBXProject "MpeiApp" */ = {
			isa = XCConfigurationList;
			buildConfigurations = (
				83CBBA201A601CBA00E9B192 /* Debug */,
				83CBBA211A601CBA00E9B192 /* Release */,
			);
			defaultConfigurationIsVisible = 0;
			defaultConfigurationName = Release;
		};
/* End XCConfigurationList section */
	};
	rootObject = 83CBB9F71A601CBA00E9B192 /* Project object */;
}
